// !$*UTF8*$!
{
	archiveVersion = 1;
	classes = {
	};
	objectVersion = 46;
	objects = {

/* Begin PBXAggregateTarget section */
		B52A9B651DDB1E7C00313FC3 /* HTWDD Generate */ = {
			isa = PBXAggregateTarget;
			buildConfigurationList = B52A9B661DDB1E7C00313FC3 /* Build configuration list for PBXAggregateTarget "HTWDD Generate" */;
			buildPhases = (
				B52A9B691DDB1E8500313FC3 /* Run Carthage Bootstrap */,
			);
			dependencies = (
			);
			name = "HTWDD Generate";
			productName = "HTWDD Generate";
		};
/* End PBXAggregateTarget section */

/* Begin PBXBuildFile section */
		1F048F461F90095800A1FBD9 /* OnboardingCoordinator.swift in Sources */ = {isa = PBXBuildFile; fileRef = 1F048F451F90095800A1FBD9 /* OnboardingCoordinator.swift */; };
		1F2B8A101F99029E00026099 /* TextField.swift in Sources */ = {isa = PBXBuildFile; fileRef = 1F2B8A0F1F99029E00026099 /* TextField.swift */; };
		1F77AD1B1F8FA67D00351A73 /* OnboardWelcomeViewController.swift in Sources */ = {isa = PBXBuildFile; fileRef = 1F77AD191F8FA67D00351A73 /* OnboardWelcomeViewController.swift */; };
		1F8874891F8FB07300EE6492 /* ReactiveButton.swift in Sources */ = {isa = PBXBuildFile; fileRef = 1F8874881F8FB07300EE6492 /* ReactiveButton.swift */; };
		1F88748F1F8FB2BF00EE6492 /* OnboardStudygroupViewController.swift in Sources */ = {isa = PBXBuildFile; fileRef = 1F88748D1F8FB2BF00EE6492 /* OnboardStudygroupViewController.swift */; };
		1F94C3FC1F90CD4F00988E72 /* Coordinator.swift in Sources */ = {isa = PBXBuildFile; fileRef = 1F94C3FB1F90CD4F00988E72 /* Coordinator.swift */; };
		1F94C4011F90DB4200988E72 /* AppCoordinator.swift in Sources */ = {isa = PBXBuildFile; fileRef = 1F94C4001F90DB4200988E72 /* AppCoordinator.swift */; };
		1FBC0E301FA36C3F00B2C0E1 /* Localizations.swift in Sources */ = {isa = PBXBuildFile; fileRef = 1FBC0E2F1FA36C3F00B2C0E1 /* Localizations.swift */; };
		1FE108031F8FDAF5002B8E69 /* StudygroupTextField.swift in Sources */ = {isa = PBXBuildFile; fileRef = 1FE108021F8FDAF5002B8E69 /* StudygroupTextField.swift */; };
		1FE108061F8FF7A1002B8E69 /* Regex.swift in Sources */ = {isa = PBXBuildFile; fileRef = 1FE108051F8FF7A1002B8E69 /* Regex.swift */; };
		39FB08491E9E52B5001CC2F5 /* TableViewDataSource.swift in Sources */ = {isa = PBXBuildFile; fileRef = 39FB08481E9E52B5001CC2F5 /* TableViewDataSource.swift */; };
		39FB084B1E9E5375001CC2F5 /* TableViewCell.swift in Sources */ = {isa = PBXBuildFile; fileRef = 39FB084A1E9E5375001CC2F5 /* TableViewCell.swift */; };
		39FB084D1E9E57A2001CC2F5 /* GradeDataSource.swift in Sources */ = {isa = PBXBuildFile; fileRef = 39FB084C1E9E57A2001CC2F5 /* GradeDataSource.swift */; };
		39FB084F1E9E68B6001CC2F5 /* GradeCell.swift in Sources */ = {isa = PBXBuildFile; fileRef = 39FB084E1E9E68B6001CC2F5 /* GradeCell.swift */; };
		B50875481ED40BE6004A320E /* TableViewController.swift in Sources */ = {isa = PBXBuildFile; fileRef = B50875471ED40BE6004A320E /* TableViewController.swift */; };
		B50EB4EF1E6A1DAA0022E40C /* ScheduleDataSource.swift in Sources */ = {isa = PBXBuildFile; fileRef = B50EB4EE1E6A1DAA0022E40C /* ScheduleDataSource.swift */; };
		B50EB4F11E6ABF320022E40C /* Day_TestCase.swift in Sources */ = {isa = PBXBuildFile; fileRef = B50EB4F01E6ABF320022E40C /* Day_TestCase.swift */; };
		B50EB4F31E6AC25D0022E40C /* htw.gpx in Resources */ = {isa = PBXBuildFile; fileRef = B50EB4F21E6AC25D0022E40C /* htw.gpx */; };
		B50EB4F51E6ACB3E0022E40C /* Lecture_TestCase.swift in Sources */ = {isa = PBXBuildFile; fileRef = B50EB4F41E6ACB3E0022E40C /* Lecture_TestCase.swift */; };
		B50EB4F71E6AD42D0022E40C /* CollectionViewDataSource.swift in Sources */ = {isa = PBXBuildFile; fileRef = B50EB4F61E6AD42D0022E40C /* CollectionViewDataSource.swift */; };
		B50EB4F91E6ADADC0022E40C /* ErrorViews.swift in Sources */ = {isa = PBXBuildFile; fileRef = B50EB4F81E6ADADC0022E40C /* ErrorViews.swift */; };
		B50EB4FB1E6ADB340022E40C /* DataSourceProtocols.swift in Sources */ = {isa = PBXBuildFile; fileRef = B50EB4FA1E6ADB340022E40C /* DataSourceProtocols.swift */; };
		B50EB4FE1E6ADC0C0022E40C /* LectureCollectionViewCell.swift in Sources */ = {isa = PBXBuildFile; fileRef = B50EB4FD1E6ADC0C0022E40C /* LectureCollectionViewCell.swift */; };
		B50EB5001E6ADC720022E40C /* CollectionViewCell.swift in Sources */ = {isa = PBXBuildFile; fileRef = B50EB4FF1E6ADC720022E40C /* CollectionViewCell.swift */; };
		B50EB5021E6AFFA20022E40C /* Day.swift in Sources */ = {isa = PBXBuildFile; fileRef = B50EB5011E6AFFA20022E40C /* Day.swift */; };
		B5111E171E71E68F00D68155 /* Localizable.strings in Resources */ = {isa = PBXBuildFile; fileRef = B5111E191E71E68F00D68155 /* Localizable.strings */; };
		B5111E201E71F44300D68155 /* View.swift in Sources */ = {isa = PBXBuildFile; fileRef = B5111E1F1E71F44300D68155 /* View.swift */; };
		B5111E221E71F78700D68155 /* LectureHeaderView.swift in Sources */ = {isa = PBXBuildFile; fileRef = B5111E211E71F78700D68155 /* LectureHeaderView.swift */; };
		B5111E241E71F7A200D68155 /* CollectionReusableView.swift in Sources */ = {isa = PBXBuildFile; fileRef = B5111E231E71F7A200D68155 /* CollectionReusableView.swift */; };
		B5111E281E7206B500D68155 /* LectureTimeView.swift in Sources */ = {isa = PBXBuildFile; fileRef = B5111E271E7206B500D68155 /* LectureTimeView.swift */; };
		B52133B91DEF0DB100955D29 /* GradeMainVC.swift in Sources */ = {isa = PBXBuildFile; fileRef = B52133B81DEF0DB100955D29 /* GradeMainVC.swift */; };
		B52133BB1DEF0E2200955D29 /* NavigationViewController.swift in Sources */ = {isa = PBXBuildFile; fileRef = B52133BA1DEF0E2200955D29 /* NavigationViewController.swift */; };
		B52A9B591DDB173600313FC3 /* ViewController.swift in Sources */ = {isa = PBXBuildFile; fileRef = B52A9B581DDB173600313FC3 /* ViewController.swift */; };
		B52A9B5D1DDB1B7D00313FC3 /* RxCocoa.framework in Frameworks */ = {isa = PBXBuildFile; fileRef = B52A9B5B1DDB1B7D00313FC3 /* RxCocoa.framework */; };
		B52A9B5E1DDB1B7D00313FC3 /* RxSwift.framework in Frameworks */ = {isa = PBXBuildFile; fileRef = B52A9B5C1DDB1B7D00313FC3 /* RxSwift.framework */; };
		B52A9B6C1DDBA35F00313FC3 /* HTWDDTest.swift in Sources */ = {isa = PBXBuildFile; fileRef = B52A9B6B1DDBA35F00313FC3 /* HTWDDTest.swift */; };
		B52DF0D81E7096F30095C854 /* Marshal.framework in Frameworks */ = {isa = PBXBuildFile; fileRef = B52DF0D71E7096F30095C854 /* Marshal.framework */; };
		B52DF0DA1E70A8870095C854 /* Week.swift in Sources */ = {isa = PBXBuildFile; fileRef = B52DF0D91E70A8870095C854 /* Week.swift */; };
		B52DF0DC1E71DB5C0095C854 /* TimeInterval.swift in Sources */ = {isa = PBXBuildFile; fileRef = B52DF0DB1E71DB5C0095C854 /* TimeInterval.swift */; };
		B538EF051E1D56D70031077C /* SettingsManager.swift in Sources */ = {isa = PBXBuildFile; fileRef = B538EF041E1D56D70031077C /* SettingsManager.swift */; };
		B538EF071E1D58690031077C /* NSObject+Rx.swift in Sources */ = {isa = PBXBuildFile; fileRef = B538EF061E1D58690031077C /* NSObject+Rx.swift */; };
		B538EF0A1E1D5BD10031077C /* Log.swift in Sources */ = {isa = PBXBuildFile; fileRef = B538EF091E1D5BD10031077C /* Log.swift */; };
		B538EF0E1E1D61F80031077C /* SettingsManager_Tests.swift in Sources */ = {isa = PBXBuildFile; fileRef = B538EF0D1E1D61F80031077C /* SettingsManager_Tests.swift */; };
		B538EF101E1D62040031077C /* UserDefaults.swift in Sources */ = {isa = PBXBuildFile; fileRef = B538EF0F1E1D62040031077C /* UserDefaults.swift */; };
		B538EF121E1D63EA0031077C /* RxCocoa.framework in Frameworks */ = {isa = PBXBuildFile; fileRef = B52A9B5B1DDB1B7D00313FC3 /* RxCocoa.framework */; };
		B538EF131E1D63EA0031077C /* RxSwift.framework in Frameworks */ = {isa = PBXBuildFile; fileRef = B52A9B5C1DDB1B7D00313FC3 /* RxSwift.framework */; };
		B538EF151E1D63EA0031077C /* RxTest.framework in Frameworks */ = {isa = PBXBuildFile; fileRef = B538EF141E1D63EA0031077C /* RxTest.framework */; };
		B538EF181E1D6AEF0031077C /* Network.swift in Sources */ = {isa = PBXBuildFile; fileRef = B538EF171E1D6AEF0031077C /* Network.swift */; };
		B538EF1A1E1D761E0031077C /* Course.swift in Sources */ = {isa = PBXBuildFile; fileRef = B538EF191E1D761E0031077C /* Course.swift */; };
		B538EF1C1E1D762E0031077C /* Grade.swift in Sources */ = {isa = PBXBuildFile; fileRef = B538EF1B1E1D762E0031077C /* Grade.swift */; };
		B538EF1E1E1D9E6D0031077C /* Date.swift in Sources */ = {isa = PBXBuildFile; fileRef = B538EF1D1E1D9E6D0031077C /* Date.swift */; };
		B55507101E601AE300C16F5F /* Lecture.swift in Sources */ = {isa = PBXBuildFile; fileRef = B555070F1E601AE300C16F5F /* Lecture.swift */; };
		B55507121E601FB400C16F5F /* DateComponents.swift in Sources */ = {isa = PBXBuildFile; fileRef = B55507111E601FB400C16F5F /* DateComponents.swift */; };
		B55507141E60246E00C16F5F /* TimetableCollectionViewLayout.swift in Sources */ = {isa = PBXBuildFile; fileRef = B55507131E60246E00C16F5F /* TimetableCollectionViewLayout.swift */; };
		B556410C1F990CB9006B9B1B /* Colors.swift in Sources */ = {isa = PBXBuildFile; fileRef = B556410B1F990CB8006B9B1B /* Colors.swift */; };
		B58ECB151F990D5300949F4F /* HTWNamespace.swift in Sources */ = {isa = PBXBuildFile; fileRef = B58ECB141F990D5300949F4F /* HTWNamespace.swift */; };
		B59FA98B1DD09C8400259D7F /* AppDelegate.swift in Sources */ = {isa = PBXBuildFile; fileRef = B59FA98A1DD09C8400259D7F /* AppDelegate.swift */; };
		B59FA9921DD09C8400259D7F /* Assets.xcassets in Resources */ = {isa = PBXBuildFile; fileRef = B59FA9911DD09C8400259D7F /* Assets.xcassets */; };
		B59FA9951DD09C8400259D7F /* LaunchScreen.storyboard in Resources */ = {isa = PBXBuildFile; fileRef = B59FA9931DD09C8400259D7F /* LaunchScreen.storyboard */; };
		B5A0D88A1E87B624007827A6 /* TabBarController.swift in Sources */ = {isa = PBXBuildFile; fileRef = B5A0D8891E87B624007827A6 /* TabBarController.swift */; };
		B5B3767D1FA6065700FC3A07 /* OnboardDetailViewController.swift in Sources */ = {isa = PBXBuildFile; fileRef = B5B3767C1FA6065700FC3A07 /* OnboardDetailViewController.swift */; };
		B5B3767F1FA60EED00FC3A07 /* CanteenCoordinator.swift in Sources */ = {isa = PBXBuildFile; fileRef = B5B3767E1FA60EED00FC3A07 /* CanteenCoordinator.swift */; };
		B5B376811FA60F0C00FC3A07 /* CanteenMainVC.swift in Sources */ = {isa = PBXBuildFile; fileRef = B5B376801FA60F0C00FC3A07 /* CanteenMainVC.swift */; };
		B5BE727B1E6C4CBD00D05B6D /* Observable.swift in Sources */ = {isa = PBXBuildFile; fileRef = B5BE727A1E6C4CBD00D05B6D /* Observable.swift */; };
		B5BE72821E6C809200D05B6D /* SemesterInformation.swift in Sources */ = {isa = PBXBuildFile; fileRef = B5BE72811E6C809200D05B6D /* SemesterInformation.swift */; };
		B5BE72861E6C83A500D05B6D /* EventDate.swift in Sources */ = {isa = PBXBuildFile; fileRef = B5BE72851E6C83A500D05B6D /* EventDate.swift */; };
		B5BE72881E6C83B300D05B6D /* EventDate_TestCase.swift in Sources */ = {isa = PBXBuildFile; fileRef = B5BE72871E6C83B300D05B6D /* EventDate_TestCase.swift */; };
		B5BE728A1E6C86A600D05B6D /* EventPeriod.swift in Sources */ = {isa = PBXBuildFile; fileRef = B5BE72891E6C86A600D05B6D /* EventPeriod.swift */; };
		B5BE728C1E6C86B400D05B6D /* EventPeriod_TestCase.swift in Sources */ = {isa = PBXBuildFile; fileRef = B5BE728B1E6C86B400D05B6D /* EventPeriod_TestCase.swift */; };
		B5BE728E1E6C886400D05B6D /* Event.swift in Sources */ = {isa = PBXBuildFile; fileRef = B5BE728D1E6C886400D05B6D /* Event.swift */; };
		B5CD5C711E5F37700083D75E /* ScheduleMainVC.swift in Sources */ = {isa = PBXBuildFile; fileRef = B5CD5C701E5F37700083D75E /* ScheduleMainVC.swift */; };
		B5CD5C731E5F37970083D75E /* CollectionViewController.swift in Sources */ = {isa = PBXBuildFile; fileRef = B5CD5C721E5F37970083D75E /* CollectionViewController.swift */; };
		B5CE29001F77FA3500A2B77D /* LectureViewModel.swift in Sources */ = {isa = PBXBuildFile; fileRef = B5CE28FF1F77FA3500A2B77D /* LectureViewModel.swift */; };
		B5D3E8361FA5E3620055782D /* GradeService.swift in Sources */ = {isa = PBXBuildFile; fileRef = B5D3E8351FA5E3620055782D /* GradeService.swift */; };
		B5D3E8381FA5E6C10055782D /* GradeCoordinator.swift in Sources */ = {isa = PBXBuildFile; fileRef = B5D3E8371FA5E6C10055782D /* GradeCoordinator.swift */; };
		B5D3E83A1FA5E7630055782D /* ScheduleCoordinator.swift in Sources */ = {isa = PBXBuildFile; fileRef = B5D3E8391FA5E7630055782D /* ScheduleCoordinator.swift */; };
		B5D3E83C1FA5E8D50055782D /* ScheduleService.swift in Sources */ = {isa = PBXBuildFile; fileRef = B5D3E83B1FA5E8D50055782D /* ScheduleService.swift */; };
		B5D3E83E1FA5EBBE0055782D /* Service.swift in Sources */ = {isa = PBXBuildFile; fileRef = B5D3E83D1FA5EBBE0055782D /* Service.swift */; };
		B5D3E8421FA5FD490055782D /* OnboardUnixLoginViewController.swift in Sources */ = {isa = PBXBuildFile; fileRef = B5D3E8411FA5FD490055782D /* OnboardUnixLoginViewController.swift */; };
		B5EA535B1E7FBA3D00183E07 /* Parameter.swift in Sources */ = {isa = PBXBuildFile; fileRef = B5EA535A1E7FBA3D00183E07 /* Parameter.swift */; };
		B5EA535D1E7FBA4900183E07 /* Authenticator.swift in Sources */ = {isa = PBXBuildFile; fileRef = B5EA535C1E7FBA4900183E07 /* Authenticator.swift */; };
		B5EA535F1E7FBB1500183E07 /* String.swift in Sources */ = {isa = PBXBuildFile; fileRef = B5EA535E1E7FBB1500183E07 /* String.swift */; };
		B5EA53611E7FBB6600183E07 /* String_TestCase.swift in Sources */ = {isa = PBXBuildFile; fileRef = B5EA53601E7FBB6600183E07 /* String_TestCase.swift */; };
		B5EA53631E7FBC3E00183E07 /* Authenticator_TestCase.swift in Sources */ = {isa = PBXBuildFile; fileRef = B5EA53621E7FBC3E00183E07 /* Authenticator_TestCase.swift */; };
		B5EA53651E7FBE8D00183E07 /* Array_TestCase.swift in Sources */ = {isa = PBXBuildFile; fileRef = B5EA53641E7FBE8D00183E07 /* Array_TestCase.swift */; };
		B5EA536D1E7FCE8B00183E07 /* ScheduleDetailVC.swift in Sources */ = {isa = PBXBuildFile; fileRef = B5EA536B1E7FCE8B00183E07 /* ScheduleDetailVC.swift */; };
		B5EA53721E7FD25C00183E07 /* AnimatedViewControllerTransition.swift in Sources */ = {isa = PBXBuildFile; fileRef = B5EA53711E7FD25C00183E07 /* AnimatedViewControllerTransition.swift */; };
		B5EA53741E7FDA5E00183E07 /* UIViewController.swift in Sources */ = {isa = PBXBuildFile; fileRef = B5EA53731E7FDA5E00183E07 /* UIViewController.swift */; };
		B5EBE3531F6EA20F0073C450 /* AppContext.swift in Sources */ = {isa = PBXBuildFile; fileRef = B5EBE3521F6EA20F0073C450 /* AppContext.swift */; };
		B5F58E461E1EA7C8006D99AE /* Dictionary.swift in Sources */ = {isa = PBXBuildFile; fileRef = B5F58E451E1EA7C8006D99AE /* Dictionary.swift */; };
		B5F58E4B1E1EAC9A006D99AE /* Grade_Tests.swift in Sources */ = {isa = PBXBuildFile; fileRef = B5F58E4A1E1EAC9A006D99AE /* Grade_Tests.swift */; };
		B5F58E4D1E1EB15A006D99AE /* Semester.swift in Sources */ = {isa = PBXBuildFile; fileRef = B5F58E4C1E1EB15A006D99AE /* Semester.swift */; };
		B5F58E4F1E1EB172006D99AE /* Semester_Tests.swift in Sources */ = {isa = PBXBuildFile; fileRef = B5F58E4E1E1EB172006D99AE /* Semester_Tests.swift */; };
		B5F847551F7F5E0800A31C2A /* ScheduleDetailContentViewModel.swift in Sources */ = {isa = PBXBuildFile; fileRef = B5F847541F7F5E0800A31C2A /* ScheduleDetailContentViewModel.swift */; };
		B5FCAE611E62EAEF00E35DDB /* Array.swift in Sources */ = {isa = PBXBuildFile; fileRef = B5FCAE601E62EAEF00E35DDB /* Array.swift */; };
/* End PBXBuildFile section */

/* Begin PBXContainerItemProxy section */
		B59FA99C1DD09C8400259D7F /* PBXContainerItemProxy */ = {
			isa = PBXContainerItemProxy;
			containerPortal = B59FA97F1DD09C8300259D7F /* Project object */;
			proxyType = 1;
			remoteGlobalIDString = B59FA9861DD09C8300259D7F;
			remoteInfo = HTWDD;
		};
/* End PBXContainerItemProxy section */

/* Begin PBXFileReference section */
		1F048F451F90095800A1FBD9 /* OnboardingCoordinator.swift */ = {isa = PBXFileReference; lastKnownFileType = sourcecode.swift; path = OnboardingCoordinator.swift; sourceTree = "<group>"; };
		1F2B8A0F1F99029E00026099 /* TextField.swift */ = {isa = PBXFileReference; lastKnownFileType = sourcecode.swift; path = TextField.swift; sourceTree = "<group>"; };
		1F77AD191F8FA67D00351A73 /* OnboardWelcomeViewController.swift */ = {isa = PBXFileReference; lastKnownFileType = sourcecode.swift; path = OnboardWelcomeViewController.swift; sourceTree = "<group>"; };
		1F8874881F8FB07300EE6492 /* ReactiveButton.swift */ = {isa = PBXFileReference; lastKnownFileType = sourcecode.swift; path = ReactiveButton.swift; sourceTree = "<group>"; };
		1F88748D1F8FB2BF00EE6492 /* OnboardStudygroupViewController.swift */ = {isa = PBXFileReference; lastKnownFileType = sourcecode.swift; path = OnboardStudygroupViewController.swift; sourceTree = "<group>"; };
		1F94C3FB1F90CD4F00988E72 /* Coordinator.swift */ = {isa = PBXFileReference; lastKnownFileType = sourcecode.swift; path = Coordinator.swift; sourceTree = "<group>"; };
		1F94C4001F90DB4200988E72 /* AppCoordinator.swift */ = {isa = PBXFileReference; lastKnownFileType = sourcecode.swift; path = AppCoordinator.swift; sourceTree = "<group>"; };
		1FBC0E2F1FA36C3F00B2C0E1 /* Localizations.swift */ = {isa = PBXFileReference; fileEncoding = 4; lastKnownFileType = sourcecode.swift; path = Localizations.swift; sourceTree = "<group>"; };
		1FE108021F8FDAF5002B8E69 /* StudygroupTextField.swift */ = {isa = PBXFileReference; lastKnownFileType = sourcecode.swift; path = StudygroupTextField.swift; sourceTree = "<group>"; };
		1FE108051F8FF7A1002B8E69 /* Regex.swift */ = {isa = PBXFileReference; lastKnownFileType = sourcecode.swift; path = Regex.swift; sourceTree = "<group>"; };
		39FB08481E9E52B5001CC2F5 /* TableViewDataSource.swift */ = {isa = PBXFileReference; fileEncoding = 4; lastKnownFileType = sourcecode.swift; path = TableViewDataSource.swift; sourceTree = "<group>"; };
		39FB084A1E9E5375001CC2F5 /* TableViewCell.swift */ = {isa = PBXFileReference; fileEncoding = 4; lastKnownFileType = sourcecode.swift; path = TableViewCell.swift; sourceTree = "<group>"; };
		39FB084C1E9E57A2001CC2F5 /* GradeDataSource.swift */ = {isa = PBXFileReference; fileEncoding = 4; lastKnownFileType = sourcecode.swift; name = GradeDataSource.swift; path = HTWDD/Components/Grades/Models/GradeDataSource.swift; sourceTree = SOURCE_ROOT; };
		39FB084E1E9E68B6001CC2F5 /* GradeCell.swift */ = {isa = PBXFileReference; fileEncoding = 4; lastKnownFileType = sourcecode.swift; path = GradeCell.swift; sourceTree = "<group>"; };
		B50875471ED40BE6004A320E /* TableViewController.swift */ = {isa = PBXFileReference; fileEncoding = 4; lastKnownFileType = sourcecode.swift; path = TableViewController.swift; sourceTree = "<group>"; };
		B50EB4EE1E6A1DAA0022E40C /* ScheduleDataSource.swift */ = {isa = PBXFileReference; fileEncoding = 4; lastKnownFileType = sourcecode.swift; path = ScheduleDataSource.swift; sourceTree = "<group>"; };
		B50EB4F01E6ABF320022E40C /* Day_TestCase.swift */ = {isa = PBXFileReference; fileEncoding = 4; lastKnownFileType = sourcecode.swift; path = Day_TestCase.swift; sourceTree = "<group>"; };
		B50EB4F21E6AC25D0022E40C /* htw.gpx */ = {isa = PBXFileReference; fileEncoding = 4; lastKnownFileType = text.xml; path = htw.gpx; sourceTree = "<group>"; };
		B50EB4F41E6ACB3E0022E40C /* Lecture_TestCase.swift */ = {isa = PBXFileReference; fileEncoding = 4; lastKnownFileType = sourcecode.swift; path = Lecture_TestCase.swift; sourceTree = "<group>"; };
		B50EB4F61E6AD42D0022E40C /* CollectionViewDataSource.swift */ = {isa = PBXFileReference; fileEncoding = 4; lastKnownFileType = sourcecode.swift; path = CollectionViewDataSource.swift; sourceTree = "<group>"; };
		B50EB4F81E6ADADC0022E40C /* ErrorViews.swift */ = {isa = PBXFileReference; fileEncoding = 4; lastKnownFileType = sourcecode.swift; path = ErrorViews.swift; sourceTree = "<group>"; };
		B50EB4FA1E6ADB340022E40C /* DataSourceProtocols.swift */ = {isa = PBXFileReference; fileEncoding = 4; lastKnownFileType = sourcecode.swift; path = DataSourceProtocols.swift; sourceTree = "<group>"; };
		B50EB4FD1E6ADC0C0022E40C /* LectureCollectionViewCell.swift */ = {isa = PBXFileReference; fileEncoding = 4; lastKnownFileType = sourcecode.swift; path = LectureCollectionViewCell.swift; sourceTree = "<group>"; };
		B50EB4FF1E6ADC720022E40C /* CollectionViewCell.swift */ = {isa = PBXFileReference; fileEncoding = 4; lastKnownFileType = sourcecode.swift; path = CollectionViewCell.swift; sourceTree = "<group>"; };
		B50EB5011E6AFFA20022E40C /* Day.swift */ = {isa = PBXFileReference; fileEncoding = 4; lastKnownFileType = sourcecode.swift; path = Day.swift; sourceTree = "<group>"; };
		B5111E1A1E71E69100D68155 /* de */ = {isa = PBXFileReference; lastKnownFileType = text.plist.strings; name = de; path = de.lproj/Localizable.strings; sourceTree = "<group>"; };
		B5111E1F1E71F44300D68155 /* View.swift */ = {isa = PBXFileReference; fileEncoding = 4; lastKnownFileType = sourcecode.swift; path = View.swift; sourceTree = "<group>"; };
		B5111E211E71F78700D68155 /* LectureHeaderView.swift */ = {isa = PBXFileReference; fileEncoding = 4; lastKnownFileType = sourcecode.swift; path = LectureHeaderView.swift; sourceTree = "<group>"; };
		B5111E231E71F7A200D68155 /* CollectionReusableView.swift */ = {isa = PBXFileReference; fileEncoding = 4; lastKnownFileType = sourcecode.swift; path = CollectionReusableView.swift; sourceTree = "<group>"; };
		B5111E261E71FEC100D68155 /* en */ = {isa = PBXFileReference; lastKnownFileType = text.plist.strings; name = en; path = en.lproj/Localizable.strings; sourceTree = "<group>"; };
		B5111E271E7206B500D68155 /* LectureTimeView.swift */ = {isa = PBXFileReference; fileEncoding = 4; lastKnownFileType = sourcecode.swift; path = LectureTimeView.swift; sourceTree = "<group>"; };
		B52133B81DEF0DB100955D29 /* GradeMainVC.swift */ = {isa = PBXFileReference; fileEncoding = 4; lastKnownFileType = sourcecode.swift; path = GradeMainVC.swift; sourceTree = "<group>"; };
		B52133BA1DEF0E2200955D29 /* NavigationViewController.swift */ = {isa = PBXFileReference; fileEncoding = 4; lastKnownFileType = sourcecode.swift; path = NavigationViewController.swift; sourceTree = "<group>"; usesTabs = 0; };
		B52A9B581DDB173600313FC3 /* ViewController.swift */ = {isa = PBXFileReference; fileEncoding = 4; lastKnownFileType = sourcecode.swift; path = ViewController.swift; sourceTree = "<group>"; };
		B52A9B5B1DDB1B7D00313FC3 /* RxCocoa.framework */ = {isa = PBXFileReference; lastKnownFileType = wrapper.framework; name = RxCocoa.framework; path = Carthage/Build/iOS/RxCocoa.framework; sourceTree = "<group>"; };
		B52A9B5C1DDB1B7D00313FC3 /* RxSwift.framework */ = {isa = PBXFileReference; lastKnownFileType = wrapper.framework; name = RxSwift.framework; path = Carthage/Build/iOS/RxSwift.framework; sourceTree = "<group>"; };
		B52A9B6B1DDBA35F00313FC3 /* HTWDDTest.swift */ = {isa = PBXFileReference; fileEncoding = 4; lastKnownFileType = sourcecode.swift; path = HTWDDTest.swift; sourceTree = "<group>"; };
		B52DF0D71E7096F30095C854 /* Marshal.framework */ = {isa = PBXFileReference; lastKnownFileType = wrapper.framework; name = Marshal.framework; path = Carthage/Build/iOS/Marshal.framework; sourceTree = "<group>"; };
		B52DF0D91E70A8870095C854 /* Week.swift */ = {isa = PBXFileReference; fileEncoding = 4; lastKnownFileType = sourcecode.swift; path = Week.swift; sourceTree = "<group>"; };
		B52DF0DB1E71DB5C0095C854 /* TimeInterval.swift */ = {isa = PBXFileReference; fileEncoding = 4; lastKnownFileType = sourcecode.swift; path = TimeInterval.swift; sourceTree = "<group>"; };
		B538EF041E1D56D70031077C /* SettingsManager.swift */ = {isa = PBXFileReference; fileEncoding = 4; lastKnownFileType = sourcecode.swift; path = SettingsManager.swift; sourceTree = "<group>"; };
		B538EF061E1D58690031077C /* NSObject+Rx.swift */ = {isa = PBXFileReference; fileEncoding = 4; lastKnownFileType = sourcecode.swift; path = "NSObject+Rx.swift"; sourceTree = "<group>"; };
		B538EF091E1D5BD10031077C /* Log.swift */ = {isa = PBXFileReference; fileEncoding = 4; lastKnownFileType = sourcecode.swift; path = Log.swift; sourceTree = "<group>"; };
		B538EF0D1E1D61F80031077C /* SettingsManager_Tests.swift */ = {isa = PBXFileReference; fileEncoding = 4; lastKnownFileType = sourcecode.swift; path = SettingsManager_Tests.swift; sourceTree = "<group>"; };
		B538EF0F1E1D62040031077C /* UserDefaults.swift */ = {isa = PBXFileReference; fileEncoding = 4; lastKnownFileType = sourcecode.swift; path = UserDefaults.swift; sourceTree = "<group>"; };
		B538EF141E1D63EA0031077C /* RxTest.framework */ = {isa = PBXFileReference; lastKnownFileType = wrapper.framework; name = RxTest.framework; path = Carthage/Build/iOS/RxTest.framework; sourceTree = "<group>"; };
		B538EF171E1D6AEF0031077C /* Network.swift */ = {isa = PBXFileReference; fileEncoding = 4; lastKnownFileType = sourcecode.swift; path = Network.swift; sourceTree = "<group>"; };
		B538EF191E1D761E0031077C /* Course.swift */ = {isa = PBXFileReference; fileEncoding = 4; lastKnownFileType = sourcecode.swift; path = Course.swift; sourceTree = "<group>"; };
		B538EF1B1E1D762E0031077C /* Grade.swift */ = {isa = PBXFileReference; fileEncoding = 4; lastKnownFileType = sourcecode.swift; path = Grade.swift; sourceTree = "<group>"; };
		B538EF1D1E1D9E6D0031077C /* Date.swift */ = {isa = PBXFileReference; fileEncoding = 4; lastKnownFileType = sourcecode.swift; path = Date.swift; sourceTree = "<group>"; };
		B555070F1E601AE300C16F5F /* Lecture.swift */ = {isa = PBXFileReference; fileEncoding = 4; lastKnownFileType = sourcecode.swift; path = Lecture.swift; sourceTree = "<group>"; };
		B55507111E601FB400C16F5F /* DateComponents.swift */ = {isa = PBXFileReference; fileEncoding = 4; lastKnownFileType = sourcecode.swift; path = DateComponents.swift; sourceTree = "<group>"; };
		B55507131E60246E00C16F5F /* TimetableCollectionViewLayout.swift */ = {isa = PBXFileReference; fileEncoding = 4; lastKnownFileType = sourcecode.swift; path = TimetableCollectionViewLayout.swift; sourceTree = "<group>"; };
		B556410B1F990CB8006B9B1B /* Colors.swift */ = {isa = PBXFileReference; lastKnownFileType = sourcecode.swift; path = Colors.swift; sourceTree = "<group>"; };
		B58ECB141F990D5300949F4F /* HTWNamespace.swift */ = {isa = PBXFileReference; lastKnownFileType = sourcecode.swift; path = HTWNamespace.swift; sourceTree = "<group>"; };
		B59FA9871DD09C8400259D7F /* HTWDD.app */ = {isa = PBXFileReference; explicitFileType = wrapper.application; includeInIndex = 0; path = HTWDD.app; sourceTree = BUILT_PRODUCTS_DIR; };
		B59FA98A1DD09C8400259D7F /* AppDelegate.swift */ = {isa = PBXFileReference; lastKnownFileType = sourcecode.swift; path = AppDelegate.swift; sourceTree = "<group>"; };
		B59FA9911DD09C8400259D7F /* Assets.xcassets */ = {isa = PBXFileReference; lastKnownFileType = folder.assetcatalog; path = Assets.xcassets; sourceTree = "<group>"; };
		B59FA9941DD09C8400259D7F /* Base */ = {isa = PBXFileReference; lastKnownFileType = file.storyboard; name = Base; path = Base.lproj/LaunchScreen.storyboard; sourceTree = "<group>"; };
		B59FA9961DD09C8400259D7F /* Info.plist */ = {isa = PBXFileReference; lastKnownFileType = text.plist.xml; path = Info.plist; sourceTree = "<group>"; };
		B59FA99B1DD09C8400259D7F /* HTWDDTests.xctest */ = {isa = PBXFileReference; explicitFileType = wrapper.cfbundle; includeInIndex = 0; path = HTWDDTests.xctest; sourceTree = BUILT_PRODUCTS_DIR; };
		B59FA9A11DD09C8400259D7F /* Info.plist */ = {isa = PBXFileReference; lastKnownFileType = text.plist.xml; path = Info.plist; sourceTree = "<group>"; };
		B5A0D8891E87B624007827A6 /* TabBarController.swift */ = {isa = PBXFileReference; fileEncoding = 4; lastKnownFileType = sourcecode.swift; path = TabBarController.swift; sourceTree = "<group>"; };
		B5B3767C1FA6065700FC3A07 /* OnboardDetailViewController.swift */ = {isa = PBXFileReference; lastKnownFileType = sourcecode.swift; path = OnboardDetailViewController.swift; sourceTree = "<group>"; };
		B5B3767E1FA60EED00FC3A07 /* CanteenCoordinator.swift */ = {isa = PBXFileReference; lastKnownFileType = sourcecode.swift; name = CanteenCoordinator.swift; path = HTWDD/Components/Onboarding/CanteenCoordinator.swift; sourceTree = SOURCE_ROOT; };
		B5B376801FA60F0C00FC3A07 /* CanteenMainVC.swift */ = {isa = PBXFileReference; lastKnownFileType = sourcecode.swift; name = CanteenMainVC.swift; path = HTWDD/Components/Onboarding/CanteenMainVC.swift; sourceTree = SOURCE_ROOT; };
		B5BE727A1E6C4CBD00D05B6D /* Observable.swift */ = {isa = PBXFileReference; fileEncoding = 4; lastKnownFileType = sourcecode.swift; path = Observable.swift; sourceTree = "<group>"; };
		B5BE72811E6C809200D05B6D /* SemesterInformation.swift */ = {isa = PBXFileReference; fileEncoding = 4; lastKnownFileType = sourcecode.swift; path = SemesterInformation.swift; sourceTree = "<group>"; };
		B5BE72851E6C83A500D05B6D /* EventDate.swift */ = {isa = PBXFileReference; fileEncoding = 4; lastKnownFileType = sourcecode.swift; path = EventDate.swift; sourceTree = "<group>"; };
		B5BE72871E6C83B300D05B6D /* EventDate_TestCase.swift */ = {isa = PBXFileReference; fileEncoding = 4; lastKnownFileType = sourcecode.swift; path = EventDate_TestCase.swift; sourceTree = "<group>"; };
		B5BE72891E6C86A600D05B6D /* EventPeriod.swift */ = {isa = PBXFileReference; fileEncoding = 4; lastKnownFileType = sourcecode.swift; path = EventPeriod.swift; sourceTree = "<group>"; };
		B5BE728B1E6C86B400D05B6D /* EventPeriod_TestCase.swift */ = {isa = PBXFileReference; fileEncoding = 4; lastKnownFileType = sourcecode.swift; path = EventPeriod_TestCase.swift; sourceTree = "<group>"; };
		B5BE728D1E6C886400D05B6D /* Event.swift */ = {isa = PBXFileReference; fileEncoding = 4; lastKnownFileType = sourcecode.swift; path = Event.swift; sourceTree = "<group>"; };
		B5CD5C701E5F37700083D75E /* ScheduleMainVC.swift */ = {isa = PBXFileReference; fileEncoding = 4; lastKnownFileType = sourcecode.swift; path = ScheduleMainVC.swift; sourceTree = "<group>"; };
		B5CD5C721E5F37970083D75E /* CollectionViewController.swift */ = {isa = PBXFileReference; fileEncoding = 4; lastKnownFileType = sourcecode.swift; path = CollectionViewController.swift; sourceTree = "<group>"; };
		B5CE28FF1F77FA3500A2B77D /* LectureViewModel.swift */ = {isa = PBXFileReference; lastKnownFileType = sourcecode.swift; path = LectureViewModel.swift; sourceTree = "<group>"; };
		B5D3E8351FA5E3620055782D /* GradeService.swift */ = {isa = PBXFileReference; lastKnownFileType = sourcecode.swift; path = GradeService.swift; sourceTree = "<group>"; };
		B5D3E8371FA5E6C10055782D /* GradeCoordinator.swift */ = {isa = PBXFileReference; lastKnownFileType = sourcecode.swift; path = GradeCoordinator.swift; sourceTree = "<group>"; };
		B5D3E8391FA5E7630055782D /* ScheduleCoordinator.swift */ = {isa = PBXFileReference; lastKnownFileType = sourcecode.swift; path = ScheduleCoordinator.swift; sourceTree = "<group>"; };
		B5D3E83B1FA5E8D50055782D /* ScheduleService.swift */ = {isa = PBXFileReference; lastKnownFileType = sourcecode.swift; path = ScheduleService.swift; sourceTree = "<group>"; };
		B5D3E83D1FA5EBBE0055782D /* Service.swift */ = {isa = PBXFileReference; lastKnownFileType = sourcecode.swift; path = Service.swift; sourceTree = "<group>"; };
		B5D3E8411FA5FD490055782D /* OnboardUnixLoginViewController.swift */ = {isa = PBXFileReference; lastKnownFileType = sourcecode.swift; path = OnboardUnixLoginViewController.swift; sourceTree = "<group>"; };
		B5EA535A1E7FBA3D00183E07 /* Parameter.swift */ = {isa = PBXFileReference; fileEncoding = 4; lastKnownFileType = sourcecode.swift; path = Parameter.swift; sourceTree = "<group>"; };
		B5EA535C1E7FBA4900183E07 /* Authenticator.swift */ = {isa = PBXFileReference; fileEncoding = 4; lastKnownFileType = sourcecode.swift; path = Authenticator.swift; sourceTree = "<group>"; };
		B5EA535E1E7FBB1500183E07 /* String.swift */ = {isa = PBXFileReference; fileEncoding = 4; lastKnownFileType = sourcecode.swift; path = String.swift; sourceTree = "<group>"; };
		B5EA53601E7FBB6600183E07 /* String_TestCase.swift */ = {isa = PBXFileReference; fileEncoding = 4; lastKnownFileType = sourcecode.swift; path = String_TestCase.swift; sourceTree = "<group>"; };
		B5EA53621E7FBC3E00183E07 /* Authenticator_TestCase.swift */ = {isa = PBXFileReference; fileEncoding = 4; lastKnownFileType = sourcecode.swift; path = Authenticator_TestCase.swift; sourceTree = "<group>"; };
		B5EA53641E7FBE8D00183E07 /* Array_TestCase.swift */ = {isa = PBXFileReference; fileEncoding = 4; lastKnownFileType = sourcecode.swift; path = Array_TestCase.swift; sourceTree = "<group>"; };
		B5EA536B1E7FCE8B00183E07 /* ScheduleDetailVC.swift */ = {isa = PBXFileReference; fileEncoding = 4; lastKnownFileType = sourcecode.swift; path = ScheduleDetailVC.swift; sourceTree = "<group>"; };
		B5EA53711E7FD25C00183E07 /* AnimatedViewControllerTransition.swift */ = {isa = PBXFileReference; fileEncoding = 4; lastKnownFileType = sourcecode.swift; path = AnimatedViewControllerTransition.swift; sourceTree = "<group>"; };
		B5EA53731E7FDA5E00183E07 /* UIViewController.swift */ = {isa = PBXFileReference; fileEncoding = 4; lastKnownFileType = sourcecode.swift; path = UIViewController.swift; sourceTree = "<group>"; };
		B5EBE3521F6EA20F0073C450 /* AppContext.swift */ = {isa = PBXFileReference; lastKnownFileType = sourcecode.swift; path = AppContext.swift; sourceTree = "<group>"; };
		B5F58E451E1EA7C8006D99AE /* Dictionary.swift */ = {isa = PBXFileReference; fileEncoding = 4; lastKnownFileType = sourcecode.swift; path = Dictionary.swift; sourceTree = "<group>"; };
		B5F58E4A1E1EAC9A006D99AE /* Grade_Tests.swift */ = {isa = PBXFileReference; fileEncoding = 4; lastKnownFileType = sourcecode.swift; path = Grade_Tests.swift; sourceTree = "<group>"; };
		B5F58E4C1E1EB15A006D99AE /* Semester.swift */ = {isa = PBXFileReference; fileEncoding = 4; lastKnownFileType = sourcecode.swift; path = Semester.swift; sourceTree = "<group>"; };
		B5F58E4E1E1EB172006D99AE /* Semester_Tests.swift */ = {isa = PBXFileReference; fileEncoding = 4; lastKnownFileType = sourcecode.swift; path = Semester_Tests.swift; sourceTree = "<group>"; };
		B5F847541F7F5E0800A31C2A /* ScheduleDetailContentViewModel.swift */ = {isa = PBXFileReference; lastKnownFileType = sourcecode.swift; path = ScheduleDetailContentViewModel.swift; sourceTree = "<group>"; };
		B5FCAE601E62EAEF00E35DDB /* Array.swift */ = {isa = PBXFileReference; fileEncoding = 4; lastKnownFileType = sourcecode.swift; path = Array.swift; sourceTree = "<group>"; };
/* End PBXFileReference section */

/* Begin PBXFrameworksBuildPhase section */
		B59FA9841DD09C8300259D7F /* Frameworks */ = {
			isa = PBXFrameworksBuildPhase;
			buildActionMask = 2147483647;
			files = (
				B52DF0D81E7096F30095C854 /* Marshal.framework in Frameworks */,
				B52A9B5D1DDB1B7D00313FC3 /* RxCocoa.framework in Frameworks */,
				B52A9B5E1DDB1B7D00313FC3 /* RxSwift.framework in Frameworks */,
			);
			runOnlyForDeploymentPostprocessing = 0;
		};
		B59FA9981DD09C8400259D7F /* Frameworks */ = {
			isa = PBXFrameworksBuildPhase;
			buildActionMask = 2147483647;
			files = (
				B538EF151E1D63EA0031077C /* RxTest.framework in Frameworks */,
				B538EF121E1D63EA0031077C /* RxCocoa.framework in Frameworks */,
				B538EF131E1D63EA0031077C /* RxSwift.framework in Frameworks */,
			);
			runOnlyForDeploymentPostprocessing = 0;
		};
/* End PBXFrameworksBuildPhase section */

/* Begin PBXGroup section */
		1F77AD181F8FA5A600351A73 /* Onboarding */ = {
			isa = PBXGroup;
			children = (
				1F048F451F90095800A1FBD9 /* OnboardingCoordinator.swift */,
				1F77AD191F8FA67D00351A73 /* OnboardWelcomeViewController.swift */,
				B5B3767C1FA6065700FC3A07 /* OnboardDetailViewController.swift */,
				1F88748D1F8FB2BF00EE6492 /* OnboardStudygroupViewController.swift */,
				B5D3E8411FA5FD490055782D /* OnboardUnixLoginViewController.swift */,
			);
			path = Onboarding;
			sourceTree = "<group>";
		};
		1F8874871F8FB04500EE6492 /* Views */ = {
			isa = PBXGroup;
			children = (
				1F8874881F8FB07300EE6492 /* ReactiveButton.swift */,
				1FE108021F8FDAF5002B8E69 /* StudygroupTextField.swift */,
			);
			path = Views;
			sourceTree = "<group>";
		};
		1F94C3FD1F90D28B00988E72 /* Coordinators */ = {
			isa = PBXGroup;
			children = (
				1F94C3FB1F90CD4F00988E72 /* Coordinator.swift */,
			);
			path = Coordinators;
			sourceTree = "<group>";
		};
		1FC21DC51F8F949F003E244F /* Components */ = {
			isa = PBXGroup;
			children = (
				1F77AD181F8FA5A600351A73 /* Onboarding */,
				B52A9B4D1DDB160700313FC3 /* Schedule */,
				B52A9B4E1DDB165B00313FC3 /* Grades */,
				1FC21DC61F8F9512003E244F /* Canteen */,
				1FC21DC71F8F951B003E244F /* Exams */,
				1FC21DC81F8F953F003E244F /* Settings */,
			);
			path = Components;
			sourceTree = "<group>";
		};
		1FC21DC61F8F9512003E244F /* Canteen */ = {
			isa = PBXGroup;
			children = (
				B5B3767E1FA60EED00FC3A07 /* CanteenCoordinator.swift */,
				B5B376801FA60F0C00FC3A07 /* CanteenMainVC.swift */,
			);
			path = Canteen;
			sourceTree = "<group>";
		};
		1FC21DC71F8F951B003E244F /* Exams */ = {
			isa = PBXGroup;
			children = (
			);
			path = Exams;
			sourceTree = "<group>";
		};
		1FC21DC81F8F953F003E244F /* Settings */ = {
			isa = PBXGroup;
			children = (
			);
			path = Settings;
			sourceTree = "<group>";
		};
		1FC21DC91F8F9976003E244F /* Main */ = {
			isa = PBXGroup;
			children = (
				B5D3E8351FA5E3620055782D /* GradeService.swift */,
				1FC21DCB1F8F9A47003E244F /* Views */,
				B52133B81DEF0DB100955D29 /* GradeMainVC.swift */,
				B5D3E8371FA5E6C10055782D /* GradeCoordinator.swift */,
			);
			path = Main;
			sourceTree = "<group>";
		};
		1FC21DCA1F8F9981003E244F /* Models */ = {
			isa = PBXGroup;
			children = (
				B538EF191E1D761E0031077C /* Course.swift */,
				B538EF1B1E1D762E0031077C /* Grade.swift */,
				B5F58E4A1E1EAC9A006D99AE /* Grade_Tests.swift */,
				39FB084C1E9E57A2001CC2F5 /* GradeDataSource.swift */,
			);
			path = Models;
			sourceTree = "<group>";
		};
		1FC21DCB1F8F9A47003E244F /* Views */ = {
			isa = PBXGroup;
			children = (
				39FB084E1E9E68B6001CC2F5 /* GradeCell.swift */,
			);
			path = Views;
			sourceTree = "<group>";
		};
		1FE108041F8FF796002B8E69 /* Helper */ = {
			isa = PBXGroup;
			children = (
				1FE108051F8FF7A1002B8E69 /* Regex.swift */,
			);
			path = Helper;
			sourceTree = "<group>";
		};
		B50EB4FC1E6ADB410022E40C /* DataSource */ = {
			isa = PBXGroup;
			children = (
				B50EB4F61E6AD42D0022E40C /* CollectionViewDataSource.swift */,
				39FB08481E9E52B5001CC2F5 /* TableViewDataSource.swift */,
				B50EB4FA1E6ADB340022E40C /* DataSourceProtocols.swift */,
				B50EB4F81E6ADADC0022E40C /* ErrorViews.swift */,
			);
			path = DataSource;
			sourceTree = "<group>";
		};
		B50EB5031E6B00700022E40C /* Models */ = {
			isa = PBXGroup;
			children = (
				B50EB5011E6AFFA20022E40C /* Day.swift */,
				B50EB4F01E6ABF320022E40C /* Day_TestCase.swift */,
				B555070F1E601AE300C16F5F /* Lecture.swift */,
				B50EB4F41E6ACB3E0022E40C /* Lecture_TestCase.swift */,
				B52DF0D91E70A8870095C854 /* Week.swift */,
			);
			path = Models;
			sourceTree = "<group>";
		};
		B50EB5041E6B007B0022E40C /* Views */ = {
			isa = PBXGroup;
			children = (
				B50EB4FD1E6ADC0C0022E40C /* LectureCollectionViewCell.swift */,
				B5111E211E71F78700D68155 /* LectureHeaderView.swift */,
				B5111E271E7206B500D68155 /* LectureTimeView.swift */,
				B55507131E60246E00C16F5F /* TimetableCollectionViewLayout.swift */,
				B5CE28FF1F77FA3500A2B77D /* LectureViewModel.swift */,
			);
			path = Views;
			sourceTree = "<group>";
		};
		B52A9B4C1DDB15FE00313FC3 /* Supporting Files */ = {
			isa = PBXGroup;
			children = (
				B59FA9911DD09C8400259D7F /* Assets.xcassets */,
				B59FA9961DD09C8400259D7F /* Info.plist */,
				B59FA9931DD09C8400259D7F /* LaunchScreen.storyboard */,
				B5111E191E71E68F00D68155 /* Localizable.strings */,
				1FBC0E2F1FA36C3F00B2C0E1 /* Localizations.swift */,
			);
			path = "Supporting Files";
			sourceTree = "<group>";
		};
		B52A9B4D1DDB160700313FC3 /* Schedule */ = {
			isa = PBXGroup;
			children = (
				B50EB5031E6B00700022E40C /* Models */,
				B5EA53671E7FC5F700183E07 /* Main */,
				B5EA536A1E7FC60E00183E07 /* Detail */,
			);
			path = Schedule;
			sourceTree = "<group>";
		};
		B52A9B4E1DDB165B00313FC3 /* Grades */ = {
			isa = PBXGroup;
			children = (
				1FC21DCA1F8F9981003E244F /* Models */,
				1FC21DC91F8F9976003E244F /* Main */,
			);
			path = Grades;
			sourceTree = "<group>";
		};
		B52A9B521DDB16D400313FC3 /* Core */ = {
			isa = PBXGroup;
			children = (
				1F94C3FD1F90D28B00988E72 /* Coordinators */,
				B52A9B561DDB170700313FC3 /* Base Classes */,
				B52A9B551DDB170000313FC3 /* Extensions */,
				B538EF081E1D5BC60031077C /* Logging */,
				B538EF161E1D6ACD0031077C /* Network */,
				B52A9B571DDB172300313FC3 /* Settings */,
				B5EA536F1E7FD24000183E07 /* UI */,
				B58ECB141F990D5300949F4F /* HTWNamespace.swift */,
			);
			path = Core;
			sourceTree = "<group>";
		};
		B52A9B541DDB16ED00313FC3 /* Main Categories */ = {
			isa = PBXGroup;
			children = (
				B5BE72801E6C808700D05B6D /* General */,
			);
			path = "Main Categories";
			sourceTree = "<group>";
		};
		B52A9B551DDB170000313FC3 /* Extensions */ = {
			isa = PBXGroup;
			children = (
				B5FCAE601E62EAEF00E35DDB /* Array.swift */,
				B5EA53641E7FBE8D00183E07 /* Array_TestCase.swift */,
				B538EF1D1E1D9E6D0031077C /* Date.swift */,
				B55507111E601FB400C16F5F /* DateComponents.swift */,
				B5F58E451E1EA7C8006D99AE /* Dictionary.swift */,
				B538EF061E1D58690031077C /* NSObject+Rx.swift */,
				B5BE727A1E6C4CBD00D05B6D /* Observable.swift */,
				B5EA535E1E7FBB1500183E07 /* String.swift */,
				B5EA53601E7FBB6600183E07 /* String_TestCase.swift */,
				B52DF0DB1E71DB5C0095C854 /* TimeInterval.swift */,
				B5EA53731E7FDA5E00183E07 /* UIViewController.swift */,
				B538EF0F1E1D62040031077C /* UserDefaults.swift */,
			);
			path = Extensions;
			sourceTree = "<group>";
		};
		B52A9B561DDB170700313FC3 /* Base Classes */ = {
			isa = PBXGroup;
			children = (
				B50EB4FC1E6ADB410022E40C /* DataSource */,
				B5111E231E71F7A200D68155 /* CollectionReusableView.swift */,
				B50EB4FF1E6ADC720022E40C /* CollectionViewCell.swift */,
				39FB084A1E9E5375001CC2F5 /* TableViewCell.swift */,
				B5CD5C721E5F37970083D75E /* CollectionViewController.swift */,
				B50875471ED40BE6004A320E /* TableViewController.swift */,
				B52133BA1DEF0E2200955D29 /* NavigationViewController.swift */,
				B5A0D8891E87B624007827A6 /* TabBarController.swift */,
				B5111E1F1E71F44300D68155 /* View.swift */,
				B52A9B581DDB173600313FC3 /* ViewController.swift */,
				1F2B8A0F1F99029E00026099 /* TextField.swift */,
			);
			path = "Base Classes";
			sourceTree = "<group>";
		};
		B52A9B571DDB172300313FC3 /* Settings */ = {
			isa = PBXGroup;
			children = (
				B538EF041E1D56D70031077C /* SettingsManager.swift */,
				B538EF0D1E1D61F80031077C /* SettingsManager_Tests.swift */,
			);
			path = Settings;
			sourceTree = "<group>";
		};
		B52A9B5A1DDB1B7C00313FC3 /* Frameworks */ = {
			isa = PBXGroup;
			children = (
				B52DF0D71E7096F30095C854 /* Marshal.framework */,
				B538EF141E1D63EA0031077C /* RxTest.framework */,
				B52A9B5B1DDB1B7D00313FC3 /* RxCocoa.framework */,
				B52A9B5C1DDB1B7D00313FC3 /* RxSwift.framework */,
			);
			name = Frameworks;
			sourceTree = "<group>";
		};
		B538EF081E1D5BC60031077C /* Logging */ = {
			isa = PBXGroup;
			children = (
				B538EF091E1D5BD10031077C /* Log.swift */,
			);
			path = Logging;
			sourceTree = "<group>";
		};
		B538EF161E1D6ACD0031077C /* Network */ = {
			isa = PBXGroup;
			children = (
				B5EA535C1E7FBA4900183E07 /* Authenticator.swift */,
				B5EA53621E7FBC3E00183E07 /* Authenticator_TestCase.swift */,
				B538EF171E1D6AEF0031077C /* Network.swift */,
				B5EA535A1E7FBA3D00183E07 /* Parameter.swift */,
			);
			path = Network;
			sourceTree = "<group>";
		};
		B59FA97E1DD09C8300259D7F = {
			isa = PBXGroup;
			children = (
				B52A9B5A1DDB1B7C00313FC3 /* Frameworks */,
				B59FA9891DD09C8400259D7F /* HTWDD */,
				B59FA99E1DD09C8400259D7F /* HTWDDTests */,
				B59FA9881DD09C8400259D7F /* Products */,
				B50EB4F21E6AC25D0022E40C /* htw.gpx */,
			);
			sourceTree = "<group>";
		};
		B59FA9881DD09C8400259D7F /* Products */ = {
			isa = PBXGroup;
			children = (
				B59FA9871DD09C8400259D7F /* HTWDD.app */,
				B59FA99B1DD09C8400259D7F /* HTWDDTests.xctest */,
			);
			name = Products;
			sourceTree = "<group>";
		};
		B59FA9891DD09C8400259D7F /* HTWDD */ = {
			isa = PBXGroup;
			children = (
				B52A9B521DDB16D400313FC3 /* Core */,
				B52A9B541DDB16ED00313FC3 /* Main Categories */,
				1FC21DC51F8F949F003E244F /* Components */,
				1FE108041F8FF796002B8E69 /* Helper */,
				B52A9B4C1DDB15FE00313FC3 /* Supporting Files */,
			);
			path = HTWDD;
			sourceTree = "<group>";
		};
		B59FA99E1DD09C8400259D7F /* HTWDDTests */ = {
			isa = PBXGroup;
			children = (
				B52A9B6B1DDBA35F00313FC3 /* HTWDDTest.swift */,
				B59FA9A11DD09C8400259D7F /* Info.plist */,
			);
			path = HTWDDTests;
			sourceTree = "<group>";
		};
		B5A0D8861E87B365007827A6 /* Models */ = {
			isa = PBXGroup;
			children = (
				B5BE728D1E6C886400D05B6D /* Event.swift */,
				B5BE72851E6C83A500D05B6D /* EventDate.swift */,
				B5BE72871E6C83B300D05B6D /* EventDate_TestCase.swift */,
				B5BE72891E6C86A600D05B6D /* EventPeriod.swift */,
				B5BE728B1E6C86B400D05B6D /* EventPeriod_TestCase.swift */,
				B5F58E4C1E1EB15A006D99AE /* Semester.swift */,
				B5BE72811E6C809200D05B6D /* SemesterInformation.swift */,
				B5F58E4E1E1EB172006D99AE /* Semester_Tests.swift */,
			);
			path = Models;
			sourceTree = "<group>";
		};
		B5BE72801E6C808700D05B6D /* General */ = {
			isa = PBXGroup;
			children = (
				B5A0D8861E87B365007827A6 /* Models */,
				1F94C4001F90DB4200988E72 /* AppCoordinator.swift */,
				B5EBE3521F6EA20F0073C450 /* AppContext.swift */,
				B59FA98A1DD09C8400259D7F /* AppDelegate.swift */,
				B5D3E83D1FA5EBBE0055782D /* Service.swift */,
			);
			path = General;
			sourceTree = "<group>";
		};
		B5EA53671E7FC5F700183E07 /* Main */ = {
			isa = PBXGroup;
			children = (
				B50EB5041E6B007B0022E40C /* Views */,
				B50EB4EE1E6A1DAA0022E40C /* ScheduleDataSource.swift */,
				B5CD5C701E5F37700083D75E /* ScheduleMainVC.swift */,
				B5D3E8391FA5E7630055782D /* ScheduleCoordinator.swift */,
				B5D3E83B1FA5E8D50055782D /* ScheduleService.swift */,
			);
			path = Main;
			sourceTree = "<group>";
		};
		B5EA536A1E7FC60E00183E07 /* Detail */ = {
			isa = PBXGroup;
			children = (
				B5EA536B1E7FCE8B00183E07 /* ScheduleDetailVC.swift */,
				B5F847541F7F5E0800A31C2A /* ScheduleDetailContentViewModel.swift */,
			);
			path = Detail;
			sourceTree = "<group>";
		};
		B5EA536F1E7FD24000183E07 /* UI */ = {
			isa = PBXGroup;
			children = (
				1F8874871F8FB04500EE6492 /* Views */,
				B5EA53701E7FD24800183E07 /* Transitions */,
				B556410B1F990CB8006B9B1B /* Colors.swift */,
			);
			path = UI;
			sourceTree = "<group>";
		};
		B5EA53701E7FD24800183E07 /* Transitions */ = {
			isa = PBXGroup;
			children = (
				B5EA53711E7FD25C00183E07 /* AnimatedViewControllerTransition.swift */,
			);
			path = Transitions;
			sourceTree = "<group>";
		};
/* End PBXGroup section */

/* Begin PBXNativeTarget section */
		B59FA9861DD09C8300259D7F /* HTWDD */ = {
			isa = PBXNativeTarget;
			buildConfigurationList = B59FA9A41DD09C8400259D7F /* Build configuration list for PBXNativeTarget "HTWDD" */;
			buildPhases = (
				B52A9B6A1DDB203D00313FC3 /* SwiftLint */,
				1FBC0E2C1FA366D800B2C0E1 /* Laurine */,
				B59FA9831DD09C8300259D7F /* Sources */,
				B59FA9841DD09C8300259D7F /* Frameworks */,
				B52A9B5F1DDB1B8000313FC3 /* Carthage */,
				B59FA9851DD09C8300259D7F /* Resources */,
			);
			buildRules = (
			);
			dependencies = (
			);
			name = HTWDD;
			productName = HTWDD;
			productReference = B59FA9871DD09C8400259D7F /* HTWDD.app */;
			productType = "com.apple.product-type.application";
		};
		B59FA99A1DD09C8400259D7F /* HTWDDTests */ = {
			isa = PBXNativeTarget;
			buildConfigurationList = B59FA9A71DD09C8400259D7F /* Build configuration list for PBXNativeTarget "HTWDDTests" */;
			buildPhases = (
				B59FA9971DD09C8400259D7F /* Sources */,
				B538EF111E1D63AA0031077C /* Carthage */,
				B59FA9981DD09C8400259D7F /* Frameworks */,
				B59FA9991DD09C8400259D7F /* Resources */,
			);
			buildRules = (
			);
			dependencies = (
				B59FA99D1DD09C8400259D7F /* PBXTargetDependency */,
			);
			name = HTWDDTests;
			productName = HTWDDTests;
			productReference = B59FA99B1DD09C8400259D7F /* HTWDDTests.xctest */;
			productType = "com.apple.product-type.bundle.unit-test";
		};
/* End PBXNativeTarget section */

/* Begin PBXProject section */
		B59FA97F1DD09C8300259D7F /* Project object */ = {
			isa = PBXProject;
			attributes = {
				LastSwiftUpdateCheck = 0810;
				LastUpgradeCheck = 0900;
				ORGANIZATIONNAME = "HTW Dresden";
				TargetAttributes = {
					B52A9B651DDB1E7C00313FC3 = {
						CreatedOnToolsVersion = 8.1;
						DevelopmentTeam = 2URYCAZR48;
						ProvisioningStyle = Automatic;
					};
					B59FA9861DD09C8300259D7F = {
						CreatedOnToolsVersion = 8.1;
						DevelopmentTeam = 3E4PGPNR47;
						LastSwiftMigration = 0900;
						ProvisioningStyle = Manual;
					};
					B59FA99A1DD09C8400259D7F = {
						CreatedOnToolsVersion = 8.1;
						DevelopmentTeam = 2URYCAZR48;
						LastSwiftMigration = 0900;
						ProvisioningStyle = Automatic;
						TestTargetID = B59FA9861DD09C8300259D7F;
					};
				};
			};
			buildConfigurationList = B59FA9821DD09C8300259D7F /* Build configuration list for PBXProject "HTWDD" */;
			compatibilityVersion = "Xcode 3.2";
			developmentRegion = English;
			hasScannedForEncodings = 0;
			knownRegions = (
				en,
				Base,
				de,
			);
			mainGroup = B59FA97E1DD09C8300259D7F;
			productRefGroup = B59FA9881DD09C8400259D7F /* Products */;
			projectDirPath = "";
			projectRoot = "";
			targets = (
				B59FA9861DD09C8300259D7F /* HTWDD */,
				B59FA99A1DD09C8400259D7F /* HTWDDTests */,
				B52A9B651DDB1E7C00313FC3 /* HTWDD Generate */,
			);
		};
/* End PBXProject section */

/* Begin PBXResourcesBuildPhase section */
		B59FA9851DD09C8300259D7F /* Resources */ = {
			isa = PBXResourcesBuildPhase;
			buildActionMask = 2147483647;
			files = (
				B5111E171E71E68F00D68155 /* Localizable.strings in Resources */,
				B59FA9951DD09C8400259D7F /* LaunchScreen.storyboard in Resources */,
				B59FA9921DD09C8400259D7F /* Assets.xcassets in Resources */,
			);
			runOnlyForDeploymentPostprocessing = 0;
		};
		B59FA9991DD09C8400259D7F /* Resources */ = {
			isa = PBXResourcesBuildPhase;
			buildActionMask = 2147483647;
			files = (
				B50EB4F31E6AC25D0022E40C /* htw.gpx in Resources */,
			);
			runOnlyForDeploymentPostprocessing = 0;
		};
/* End PBXResourcesBuildPhase section */

/* Begin PBXShellScriptBuildPhase section */
		1FBC0E2C1FA366D800B2C0E1 /* Laurine */ = {
			isa = PBXShellScriptBuildPhase;
			buildActionMask = 2147483647;
			files = (
			);
			inputPaths = (
			);
			name = Laurine;
			outputPaths = (
			);
			runOnlyForDeploymentPostprocessing = 0;
			shellPath = /bin/sh;
			shellScript = "set -x\n\n# Get base path to project\nBASE_PATH=\"$PROJECT_DIR/$PROJECT_NAME\"\n\n#--------- START OF YOUR CONFIGURATION (change Path_To_.. to fit)\n\n# Get path to Laurine Generator script\nLAURINE_PATH=\"$BASE_PATH/../scripts/LaurineGenerator.swift\"\n\n# Get path to main localization file (usually english).\nSOURCE_PATH=\"$BASE_PATH/Supporting Files/en.lproj/Localizable.strings\"\n\n# Get path to output. If you use ObjC version of output, set implementation file (.m), as header will be generated automatically\nOUTPUT_PATH=\"$BASE_PATH/Supporting Files/Localizations.swift\"\n\n#--------- END OF YOUR CONFIGURATION\n\n# Add permission to generator for script execution\nchmod 755 \"$LAURINE_PATH\"\n\n# Actually generate output. -- CUSTOMIZE -- parameters to your needs (see documentation).\n# Will only re-generate script if something changed\nif [ \"$OUTPUT_PATH\" -ot \"$SOURCE_PATH\" ]; then\n\"$LAURINE_PATH\" -i \"$SOURCE_PATH\" -o \"$OUTPUT_PATH\"\nfi";
		};
		B52A9B5F1DDB1B8000313FC3 /* Carthage */ = {
			isa = PBXShellScriptBuildPhase;
			buildActionMask = 2147483647;
			files = (
			);
			inputPaths = (
				"$(SRCROOT)/Carthage/Build/iOS/RxCocoa.framework",
				"$(SRCROOT)/Carthage/Build/iOS/RxSwift.framework",
				"$(SRCROOT)/Carthage/Build/iOS/Marshal.framework",
			);
			name = Carthage;
			outputPaths = (
			);
			runOnlyForDeploymentPostprocessing = 0;
			shellPath = /bin/sh;
			shellScript = "/usr/local/bin/carthage copy-frameworks";
		};
		B52A9B691DDB1E8500313FC3 /* Run Carthage Bootstrap */ = {
			isa = PBXShellScriptBuildPhase;
			buildActionMask = 2147483647;
			files = (
			);
			inputPaths = (
			);
			name = "Run Carthage Bootstrap";
			outputPaths = (
			);
			runOnlyForDeploymentPostprocessing = 0;
			shellPath = /bin/sh;
			shellScript = "if which carthage >/dev/null; then\n    carthage update --platform iOS --verbose\nelse\n    echo \"error: Carthage is not installed. Aborting.\"\n    exit 1\nfi\n";
		};
		B52A9B6A1DDB203D00313FC3 /* SwiftLint */ = {
			isa = PBXShellScriptBuildPhase;
			buildActionMask = 2147483647;
			files = (
			);
			inputPaths = (
			);
			name = SwiftLint;
			outputPaths = (
			);
			runOnlyForDeploymentPostprocessing = 0;
			shellPath = /bin/sh;
			shellScript = "if which swiftlint >/dev/null; then\n    swiftlint autocorrect\nelse\n    echo \"error: SwiftLint not installed, download from https://github.com/realm/SwiftLint\"\n    exit 1\nfi";
		};
		B538EF111E1D63AA0031077C /* Carthage */ = {
			isa = PBXShellScriptBuildPhase;
			buildActionMask = 2147483647;
			files = (
			);
			inputPaths = (
				"$(SRCROOT)/Carthage/Build/iOS/RxCocoa.framework",
				"$(SRCROOT)/Carthage/Build/iOS/RxSwift.framework",
				"$(SRCROOT)/Carthage/Build/iOS/RxTest.framework",
			);
			name = Carthage;
			outputPaths = (
			);
			runOnlyForDeploymentPostprocessing = 0;
			shellPath = /bin/sh;
			shellScript = "/usr/local/bin/carthage copy-frameworks";
		};
/* End PBXShellScriptBuildPhase section */

/* Begin PBXSourcesBuildPhase section */
		B59FA9831DD09C8300259D7F /* Sources */ = {
			isa = PBXSourcesBuildPhase;
			buildActionMask = 2147483647;
			files = (
				B5111E221E71F78700D68155 /* LectureHeaderView.swift in Sources */,
				B538EF181E1D6AEF0031077C /* Network.swift in Sources */,
				1F94C4011F90DB4200988E72 /* AppCoordinator.swift in Sources */,
				B5EA535F1E7FBB1500183E07 /* String.swift in Sources */,
				B5A0D88A1E87B624007827A6 /* TabBarController.swift in Sources */,
				B5BE728E1E6C886400D05B6D /* Event.swift in Sources */,
				B5F847551F7F5E0800A31C2A /* ScheduleDetailContentViewModel.swift in Sources */,
				B5111E241E71F7A200D68155 /* CollectionReusableView.swift in Sources */,
				B50EB4FE1E6ADC0C0022E40C /* LectureCollectionViewCell.swift in Sources */,
				B538EF1A1E1D761E0031077C /* Course.swift in Sources */,
				B5111E281E7206B500D68155 /* LectureTimeView.swift in Sources */,
				B55507141E60246E00C16F5F /* TimetableCollectionViewLayout.swift in Sources */,
				B52133BB1DEF0E2200955D29 /* NavigationViewController.swift in Sources */,
				B5B3767F1FA60EED00FC3A07 /* CanteenCoordinator.swift in Sources */,
				B50875481ED40BE6004A320E /* TableViewController.swift in Sources */,
				1F77AD1B1F8FA67D00351A73 /* OnboardWelcomeViewController.swift in Sources */,
				1F048F461F90095800A1FBD9 /* OnboardingCoordinator.swift in Sources */,
				B538EF0A1E1D5BD10031077C /* Log.swift in Sources */,
				B52133B91DEF0DB100955D29 /* GradeMainVC.swift in Sources */,
				B5EBE3531F6EA20F0073C450 /* AppContext.swift in Sources */,
				B5CE29001F77FA3500A2B77D /* LectureViewModel.swift in Sources */,
				B556410C1F990CB9006B9B1B /* Colors.swift in Sources */,
				B5111E201E71F44300D68155 /* View.swift in Sources */,
				B5EA536D1E7FCE8B00183E07 /* ScheduleDetailVC.swift in Sources */,
				B538EF1C1E1D762E0031077C /* Grade.swift in Sources */,
				B50EB4EF1E6A1DAA0022E40C /* ScheduleDataSource.swift in Sources */,
				B5B3767D1FA6065700FC3A07 /* OnboardDetailViewController.swift in Sources */,
				B5D3E8421FA5FD490055782D /* OnboardUnixLoginViewController.swift in Sources */,
				B50EB4FB1E6ADB340022E40C /* DataSourceProtocols.swift in Sources */,
				B5EA535B1E7FBA3D00183E07 /* Parameter.swift in Sources */,
				B52A9B591DDB173600313FC3 /* ViewController.swift in Sources */,
				B5D3E8381FA5E6C10055782D /* GradeCoordinator.swift in Sources */,
				B5D3E8361FA5E3620055782D /* GradeService.swift in Sources */,
				B59FA98B1DD09C8400259D7F /* AppDelegate.swift in Sources */,
				B52DF0DA1E70A8870095C854 /* Week.swift in Sources */,
				B5FCAE611E62EAEF00E35DDB /* Array.swift in Sources */,
				B538EF101E1D62040031077C /* UserDefaults.swift in Sources */,
				1FBC0E301FA36C3F00B2C0E1 /* Localizations.swift in Sources */,
				1FE108031F8FDAF5002B8E69 /* StudygroupTextField.swift in Sources */,
				B50EB5021E6AFFA20022E40C /* Day.swift in Sources */,
				B5CD5C731E5F37970083D75E /* CollectionViewController.swift in Sources */,
				1F8874891F8FB07300EE6492 /* ReactiveButton.swift in Sources */,
				B5BE72821E6C809200D05B6D /* SemesterInformation.swift in Sources */,
				B5BE728A1E6C86A600D05B6D /* EventPeriod.swift in Sources */,
				B538EF051E1D56D70031077C /* SettingsManager.swift in Sources */,
				B5EA53721E7FD25C00183E07 /* AnimatedViewControllerTransition.swift in Sources */,
				39FB084D1E9E57A2001CC2F5 /* GradeDataSource.swift in Sources */,
				B52DF0DC1E71DB5C0095C854 /* TimeInterval.swift in Sources */,
				39FB08491E9E52B5001CC2F5 /* TableViewDataSource.swift in Sources */,
				B5D3E83C1FA5E8D50055782D /* ScheduleService.swift in Sources */,
				1F88748F1F8FB2BF00EE6492 /* OnboardStudygroupViewController.swift in Sources */,
				B55507101E601AE300C16F5F /* Lecture.swift in Sources */,
				B5EA53741E7FDA5E00183E07 /* UIViewController.swift in Sources */,
				B5D3E83E1FA5EBBE0055782D /* Service.swift in Sources */,
				B5D3E83A1FA5E7630055782D /* ScheduleCoordinator.swift in Sources */,
				39FB084B1E9E5375001CC2F5 /* TableViewCell.swift in Sources */,
				B5EA535D1E7FBA4900183E07 /* Authenticator.swift in Sources */,
				B5CD5C711E5F37700083D75E /* ScheduleMainVC.swift in Sources */,
				B538EF071E1D58690031077C /* NSObject+Rx.swift in Sources */,
				B50EB4F71E6AD42D0022E40C /* CollectionViewDataSource.swift in Sources */,
				B5B376811FA60F0C00FC3A07 /* CanteenMainVC.swift in Sources */,
				1F2B8A101F99029E00026099 /* TextField.swift in Sources */,
				1FE108061F8FF7A1002B8E69 /* Regex.swift in Sources */,
				B50EB5001E6ADC720022E40C /* CollectionViewCell.swift in Sources */,
				B58ECB151F990D5300949F4F /* HTWNamespace.swift in Sources */,
				B5F58E461E1EA7C8006D99AE /* Dictionary.swift in Sources */,
				B5BE72861E6C83A500D05B6D /* EventDate.swift in Sources */,
				B538EF1E1E1D9E6D0031077C /* Date.swift in Sources */,
				B5BE727B1E6C4CBD00D05B6D /* Observable.swift in Sources */,
				B50EB4F91E6ADADC0022E40C /* ErrorViews.swift in Sources */,
				B5F58E4D1E1EB15A006D99AE /* Semester.swift in Sources */,
				39FB084F1E9E68B6001CC2F5 /* GradeCell.swift in Sources */,
				B55507121E601FB400C16F5F /* DateComponents.swift in Sources */,
				1F94C3FC1F90CD4F00988E72 /* Coordinator.swift in Sources */,
			);
			runOnlyForDeploymentPostprocessing = 0;
		};
		B59FA9971DD09C8400259D7F /* Sources */ = {
			isa = PBXSourcesBuildPhase;
			buildActionMask = 2147483647;
			files = (
				B5EA53611E7FBB6600183E07 /* String_TestCase.swift in Sources */,
				B5EA53631E7FBC3E00183E07 /* Authenticator_TestCase.swift in Sources */,
				B5F58E4B1E1EAC9A006D99AE /* Grade_Tests.swift in Sources */,
				B5F58E4F1E1EB172006D99AE /* Semester_Tests.swift in Sources */,
				B50EB4F51E6ACB3E0022E40C /* Lecture_TestCase.swift in Sources */,
				B5BE72881E6C83B300D05B6D /* EventDate_TestCase.swift in Sources */,
				B50EB4F11E6ABF320022E40C /* Day_TestCase.swift in Sources */,
				B5BE728C1E6C86B400D05B6D /* EventPeriod_TestCase.swift in Sources */,
				B5EA53651E7FBE8D00183E07 /* Array_TestCase.swift in Sources */,
				B538EF0E1E1D61F80031077C /* SettingsManager_Tests.swift in Sources */,
				B52A9B6C1DDBA35F00313FC3 /* HTWDDTest.swift in Sources */,
			);
			runOnlyForDeploymentPostprocessing = 0;
		};
/* End PBXSourcesBuildPhase section */

/* Begin PBXTargetDependency section */
		B59FA99D1DD09C8400259D7F /* PBXTargetDependency */ = {
			isa = PBXTargetDependency;
			target = B59FA9861DD09C8300259D7F /* HTWDD */;
			targetProxy = B59FA99C1DD09C8400259D7F /* PBXContainerItemProxy */;
		};
/* End PBXTargetDependency section */

/* Begin PBXVariantGroup section */
		B5111E191E71E68F00D68155 /* Localizable.strings */ = {
			isa = PBXVariantGroup;
			children = (
				B5111E1A1E71E69100D68155 /* de */,
				B5111E261E71FEC100D68155 /* en */,
			);
			name = Localizable.strings;
			path = .;
			sourceTree = "<group>";
		};
		B59FA9931DD09C8400259D7F /* LaunchScreen.storyboard */ = {
			isa = PBXVariantGroup;
			children = (
				B59FA9941DD09C8400259D7F /* Base */,
			);
			name = LaunchScreen.storyboard;
			path = .;
			sourceTree = "<group>";
		};
/* End PBXVariantGroup section */

/* Begin XCBuildConfiguration section */
		B52A9B671DDB1E7C00313FC3 /* Debug */ = {
			isa = XCBuildConfiguration;
			buildSettings = {
				DEVELOPMENT_TEAM = 2URYCAZR48;
				PRODUCT_NAME = "$(TARGET_NAME)";
			};
			name = Debug;
		};
		B52A9B681DDB1E7C00313FC3 /* Release */ = {
			isa = XCBuildConfiguration;
			buildSettings = {
				DEVELOPMENT_TEAM = 2URYCAZR48;
				PRODUCT_NAME = "$(TARGET_NAME)";
			};
			name = Release;
		};
		B59FA9A21DD09C8400259D7F /* Debug */ = {
			isa = XCBuildConfiguration;
			buildSettings = {
				ALWAYS_SEARCH_USER_PATHS = NO;
				CLANG_ANALYZER_LOCALIZABILITY_NONLOCALIZED = YES;
				CLANG_ANALYZER_NONNULL = YES;
				CLANG_CXX_LANGUAGE_STANDARD = "gnu++0x";
				CLANG_CXX_LIBRARY = "libc++";
				CLANG_ENABLE_MODULES = YES;
				CLANG_ENABLE_OBJC_ARC = YES;
				CLANG_WARN_BLOCK_CAPTURE_AUTORELEASING = YES;
				CLANG_WARN_BOOL_CONVERSION = YES;
				CLANG_WARN_COMMA = YES;
				CLANG_WARN_CONSTANT_CONVERSION = YES;
				CLANG_WARN_DIRECT_OBJC_ISA_USAGE = YES_ERROR;
				CLANG_WARN_DOCUMENTATION_COMMENTS = YES;
				CLANG_WARN_EMPTY_BODY = YES;
				CLANG_WARN_ENUM_CONVERSION = YES;
				CLANG_WARN_INFINITE_RECURSION = YES;
				CLANG_WARN_INT_CONVERSION = YES;
				CLANG_WARN_NON_LITERAL_NULL_CONVERSION = YES;
				CLANG_WARN_OBJC_LITERAL_CONVERSION = YES;
				CLANG_WARN_OBJC_ROOT_CLASS = YES_ERROR;
				CLANG_WARN_RANGE_LOOP_ANALYSIS = YES;
				CLANG_WARN_STRICT_PROTOTYPES = YES;
				CLANG_WARN_SUSPICIOUS_MOVE = YES;
				CLANG_WARN_SUSPICIOUS_MOVES = YES;
				CLANG_WARN_UNREACHABLE_CODE = YES;
				CLANG_WARN__DUPLICATE_METHOD_MATCH = YES;
				"CODE_SIGN_IDENTITY[sdk=iphoneos*]" = "iPhone Developer";
				COPY_PHASE_STRIP = NO;
				DEBUG_INFORMATION_FORMAT = dwarf;
				ENABLE_STRICT_OBJC_MSGSEND = YES;
				ENABLE_TESTABILITY = YES;
				GCC_C_LANGUAGE_STANDARD = gnu99;
				GCC_DYNAMIC_NO_PIC = NO;
				GCC_NO_COMMON_BLOCKS = YES;
				GCC_OPTIMIZATION_LEVEL = 0;
				GCC_PREPROCESSOR_DEFINITIONS = (
					"DEBUG=1",
					"$(inherited)",
				);
				GCC_WARN_64_TO_32_BIT_CONVERSION = YES;
				GCC_WARN_ABOUT_RETURN_TYPE = YES_ERROR;
				GCC_WARN_UNDECLARED_SELECTOR = YES;
				GCC_WARN_UNINITIALIZED_AUTOS = YES_AGGRESSIVE;
				GCC_WARN_UNUSED_FUNCTION = YES;
				GCC_WARN_UNUSED_VARIABLE = YES;
				IPHONEOS_DEPLOYMENT_TARGET = 10.1;
				MTL_ENABLE_DEBUG_INFO = YES;
				ONLY_ACTIVE_ARCH = YES;
				SDKROOT = iphoneos;
				SWIFT_ACTIVE_COMPILATION_CONDITIONS = DEBUG;
				SWIFT_OPTIMIZATION_LEVEL = "-Onone";
				TARGETED_DEVICE_FAMILY = "1,2";
			};
			name = Debug;
		};
		B59FA9A31DD09C8400259D7F /* Release */ = {
			isa = XCBuildConfiguration;
			buildSettings = {
				ALWAYS_SEARCH_USER_PATHS = NO;
				CLANG_ANALYZER_LOCALIZABILITY_NONLOCALIZED = YES;
				CLANG_ANALYZER_NONNULL = YES;
				CLANG_CXX_LANGUAGE_STANDARD = "gnu++0x";
				CLANG_CXX_LIBRARY = "libc++";
				CLANG_ENABLE_MODULES = YES;
				CLANG_ENABLE_OBJC_ARC = YES;
				CLANG_WARN_BLOCK_CAPTURE_AUTORELEASING = YES;
				CLANG_WARN_BOOL_CONVERSION = YES;
				CLANG_WARN_COMMA = YES;
				CLANG_WARN_CONSTANT_CONVERSION = YES;
				CLANG_WARN_DIRECT_OBJC_ISA_USAGE = YES_ERROR;
				CLANG_WARN_DOCUMENTATION_COMMENTS = YES;
				CLANG_WARN_EMPTY_BODY = YES;
				CLANG_WARN_ENUM_CONVERSION = YES;
				CLANG_WARN_INFINITE_RECURSION = YES;
				CLANG_WARN_INT_CONVERSION = YES;
				CLANG_WARN_NON_LITERAL_NULL_CONVERSION = YES;
				CLANG_WARN_OBJC_LITERAL_CONVERSION = YES;
				CLANG_WARN_OBJC_ROOT_CLASS = YES_ERROR;
				CLANG_WARN_RANGE_LOOP_ANALYSIS = YES;
				CLANG_WARN_STRICT_PROTOTYPES = YES;
				CLANG_WARN_SUSPICIOUS_MOVE = YES;
				CLANG_WARN_SUSPICIOUS_MOVES = YES;
				CLANG_WARN_UNREACHABLE_CODE = YES;
				CLANG_WARN__DUPLICATE_METHOD_MATCH = YES;
				"CODE_SIGN_IDENTITY[sdk=iphoneos*]" = "iPhone Developer";
				COPY_PHASE_STRIP = NO;
				DEBUG_INFORMATION_FORMAT = "dwarf-with-dsym";
				ENABLE_NS_ASSERTIONS = NO;
				ENABLE_STRICT_OBJC_MSGSEND = YES;
				GCC_C_LANGUAGE_STANDARD = gnu99;
				GCC_NO_COMMON_BLOCKS = YES;
				GCC_WARN_64_TO_32_BIT_CONVERSION = YES;
				GCC_WARN_ABOUT_RETURN_TYPE = YES_ERROR;
				GCC_WARN_UNDECLARED_SELECTOR = YES;
				GCC_WARN_UNINITIALIZED_AUTOS = YES_AGGRESSIVE;
				GCC_WARN_UNUSED_FUNCTION = YES;
				GCC_WARN_UNUSED_VARIABLE = YES;
				IPHONEOS_DEPLOYMENT_TARGET = 10.1;
				MTL_ENABLE_DEBUG_INFO = NO;
				SDKROOT = iphoneos;
				SWIFT_OPTIMIZATION_LEVEL = "-Owholemodule";
				TARGETED_DEVICE_FAMILY = "1,2";
				VALIDATE_PRODUCT = YES;
			};
			name = Release;
		};
		B59FA9A51DD09C8400259D7F /* Debug */ = {
			isa = XCBuildConfiguration;
			buildSettings = {
				ASSETCATALOG_COMPILER_APPICON_NAME = AppIcon;
				DEVELOPMENT_TEAM = 3E4PGPNR47;
				FRAMEWORK_SEARCH_PATHS = (
					"$(inherited)",
					"$(PROJECT_DIR)/Carthage/Build/iOS",
				);
				INFOPLIST_FILE = "HTWDD/Supporting Files/Info.plist";
				IPHONEOS_DEPLOYMENT_TARGET = 9.0;
				LD_RUNPATH_SEARCH_PATHS = "$(inherited) @executable_path/Frameworks";
				OTHER_SWIFT_FLAGS = "-Xfrontend -warn-long-function-bodies=150";
				PRODUCT_BUNDLE_IDENTIFIER = "de.htw-dresden.ios";
				PRODUCT_NAME = "$(TARGET_NAME)";
				PROVISIONING_PROFILE = "23ac1ed9-d5ff-40dd-b6e6-65676b733551";
				PROVISIONING_PROFILE_SPECIFIER = "HTW App Dev";
				SWIFT_SWIFT3_OBJC_INFERENCE = Default;
				SWIFT_TREAT_WARNINGS_AS_ERRORS = NO;
				SWIFT_VERSION = 4.0;
			};
			name = Debug;
		};
		B59FA9A61DD09C8400259D7F /* Release */ = {
			isa = XCBuildConfiguration;
			buildSettings = {
				ASSETCATALOG_COMPILER_APPICON_NAME = AppIcon;
				"CODE_SIGN_IDENTITY[sdk=iphoneos*]" = "iPhone Distribution";
				DEVELOPMENT_TEAM = 3E4PGPNR47;
				FRAMEWORK_SEARCH_PATHS = (
					"$(inherited)",
					"$(PROJECT_DIR)/Carthage/Build/iOS",
				);
				INFOPLIST_FILE = "HTWDD/Supporting Files/Info.plist";
				IPHONEOS_DEPLOYMENT_TARGET = 9.0;
				LD_RUNPATH_SEARCH_PATHS = "$(inherited) @executable_path/Frameworks";
				OTHER_SWIFT_FLAGS = "";
				PRODUCT_BUNDLE_IDENTIFIER = "de.htw-dresden.ios";
				PRODUCT_NAME = "$(TARGET_NAME)";
				PROVISIONING_PROFILE = "4be22951-7cfe-4d20-b1f6-7e62e809c6ee";
				PROVISIONING_PROFILE_SPECIFIER = "HTW App Distribution";
				SWIFT_SWIFT3_OBJC_INFERENCE = Default;
				SWIFT_TREAT_WARNINGS_AS_ERRORS = NO;
				SWIFT_VERSION = 4.0;
			};
			name = Release;
		};
		B59FA9A81DD09C8400259D7F /* Debug */ = {
			isa = XCBuildConfiguration;
			buildSettings = {
				ALWAYS_EMBED_SWIFT_STANDARD_LIBRARIES = YES;
				BUNDLE_LOADER = "$(TEST_HOST)";
				CLANG_ENABLE_MODULES = YES;
				DEVELOPMENT_TEAM = 2URYCAZR48;
				FRAMEWORK_SEARCH_PATHS = (
					"$(inherited)",
					"$(PROJECT_DIR)/Carthage/Build/iOS",
				);
				INFOPLIST_FILE = HTWDDTests/Info.plist;
				LD_RUNPATH_SEARCH_PATHS = "$(inherited) @executable_path/Frameworks @loader_path/Frameworks";
				PRODUCT_BUNDLE_IDENTIFIER = "de.htw-dresden.HTWDDTests";
				PRODUCT_NAME = "$(TARGET_NAME)";
				SWIFT_OPTIMIZATION_LEVEL = "-Onone";
				SWIFT_SWIFT3_OBJC_INFERENCE = On;
				SWIFT_VERSION = 4.0;
				TEST_HOST = "$(BUILT_PRODUCTS_DIR)/HTWDD.app/HTWDD";
			};
			name = Debug;
		};
		B59FA9A91DD09C8400259D7F /* Release */ = {
			isa = XCBuildConfiguration;
			buildSettings = {
				ALWAYS_EMBED_SWIFT_STANDARD_LIBRARIES = YES;
				BUNDLE_LOADER = "$(TEST_HOST)";
				CLANG_ENABLE_MODULES = YES;
				DEVELOPMENT_TEAM = 2URYCAZR48;
				FRAMEWORK_SEARCH_PATHS = (
					"$(inherited)",
					"$(PROJECT_DIR)/Carthage/Build/iOS",
				);
				INFOPLIST_FILE = HTWDDTests/Info.plist;
				LD_RUNPATH_SEARCH_PATHS = "$(inherited) @executable_path/Frameworks @loader_path/Frameworks";
				PRODUCT_BUNDLE_IDENTIFIER = "de.htw-dresden.HTWDDTests";
				PRODUCT_NAME = "$(TARGET_NAME)";
				SWIFT_SWIFT3_OBJC_INFERENCE = On;
				SWIFT_VERSION = 4.0;
				TEST_HOST = "$(BUILT_PRODUCTS_DIR)/HTWDD.app/HTWDD";
			};
			name = Release;
		};
/* End XCBuildConfiguration section */

/* Begin XCConfigurationList section */
		B52A9B661DDB1E7C00313FC3 /* Build configuration list for PBXAggregateTarget "HTWDD Generate" */ = {
			isa = XCConfigurationList;
			buildConfigurations = (
				B52A9B671DDB1E7C00313FC3 /* Debug */,
				B52A9B681DDB1E7C00313FC3 /* Release */,
			);
			defaultConfigurationIsVisible = 0;
			defaultConfigurationName = Release;
		};
		B59FA9821DD09C8300259D7F /* Build configuration list for PBXProject "HTWDD" */ = {
			isa = XCConfigurationList;
			buildConfigurations = (
				B59FA9A21DD09C8400259D7F /* Debug */,
				B59FA9A31DD09C8400259D7F /* Release */,
			);
			defaultConfigurationIsVisible = 0;
			defaultConfigurationName = Release;
		};
		B59FA9A41DD09C8400259D7F /* Build configuration list for PBXNativeTarget "HTWDD" */ = {
			isa = XCConfigurationList;
			buildConfigurations = (
				B59FA9A51DD09C8400259D7F /* Debug */,
				B59FA9A61DD09C8400259D7F /* Release */,
			);
			defaultConfigurationIsVisible = 0;
			defaultConfigurationName = Release;
		};
		B59FA9A71DD09C8400259D7F /* Build configuration list for PBXNativeTarget "HTWDDTests" */ = {
			isa = XCConfigurationList;
			buildConfigurations = (
				B59FA9A81DD09C8400259D7F /* Debug */,
				B59FA9A91DD09C8400259D7F /* Release */,
			);
			defaultConfigurationIsVisible = 0;
			defaultConfigurationName = Release;
		};
/* End XCConfigurationList section */
	};
	rootObject = B59FA97F1DD09C8300259D7F /* Project object */;
}
