// !$*UTF8*$!
{
	archiveVersion = 1;
	classes = {
	};
	objectVersion = 46;
	objects = {

/* Begin PBXAggregateTarget section */
		B52A9B651DDB1E7C00313FC3 /* HTWDD Generate */ = {
			isa = PBXAggregateTarget;
			buildConfigurationList = B52A9B661DDB1E7C00313FC3 /* Build configuration list for PBXAggregateTarget "HTWDD Generate" */;
			buildPhases = (
				B52A9B691DDB1E8500313FC3 /* Run Carthage Bootstrap */,
			);
			dependencies = (
			);
			name = "HTWDD Generate";
			productName = "HTWDD Generate";
		};
/* End PBXAggregateTarget section */

/* Begin PBXBuildFile section */
		B52133B91DEF0DB100955D29 /* GradeMainVC.swift in Sources */ = {isa = PBXBuildFile; fileRef = B52133B81DEF0DB100955D29 /* GradeMainVC.swift */; };
		B52133BB1DEF0E2200955D29 /* NavigationViewController.swift in Sources */ = {isa = PBXBuildFile; fileRef = B52133BA1DEF0E2200955D29 /* NavigationViewController.swift */; };
		B52A9B591DDB173600313FC3 /* ViewController.swift in Sources */ = {isa = PBXBuildFile; fileRef = B52A9B581DDB173600313FC3 /* ViewController.swift */; };
		B52A9B5D1DDB1B7D00313FC3 /* RxCocoa.framework in Frameworks */ = {isa = PBXBuildFile; fileRef = B52A9B5B1DDB1B7D00313FC3 /* RxCocoa.framework */; };
		B52A9B5E1DDB1B7D00313FC3 /* RxSwift.framework in Frameworks */ = {isa = PBXBuildFile; fileRef = B52A9B5C1DDB1B7D00313FC3 /* RxSwift.framework */; };
		B52A9B6C1DDBA35F00313FC3 /* HTWDDTest.swift in Sources */ = {isa = PBXBuildFile; fileRef = B52A9B6B1DDBA35F00313FC3 /* HTWDDTest.swift */; };
		B538EF051E1D56D70031077C /* SettingsManager.swift in Sources */ = {isa = PBXBuildFile; fileRef = B538EF041E1D56D70031077C /* SettingsManager.swift */; };
		B538EF071E1D58690031077C /* NSObject+Rx.swift in Sources */ = {isa = PBXBuildFile; fileRef = B538EF061E1D58690031077C /* NSObject+Rx.swift */; };
		B538EF0A1E1D5BD10031077C /* Log.swift in Sources */ = {isa = PBXBuildFile; fileRef = B538EF091E1D5BD10031077C /* Log.swift */; };
		B538EF0C1E1D603D0031077C /* GradeModel.swift in Sources */ = {isa = PBXBuildFile; fileRef = B538EF0B1E1D603D0031077C /* GradeModel.swift */; };
		B538EF0E1E1D61F80031077C /* SettingsManager_Tests.swift in Sources */ = {isa = PBXBuildFile; fileRef = B538EF0D1E1D61F80031077C /* SettingsManager_Tests.swift */; };
		B538EF101E1D62040031077C /* UserDefaults.swift in Sources */ = {isa = PBXBuildFile; fileRef = B538EF0F1E1D62040031077C /* UserDefaults.swift */; };
		B538EF121E1D63EA0031077C /* RxCocoa.framework in Frameworks */ = {isa = PBXBuildFile; fileRef = B52A9B5B1DDB1B7D00313FC3 /* RxCocoa.framework */; };
		B538EF131E1D63EA0031077C /* RxSwift.framework in Frameworks */ = {isa = PBXBuildFile; fileRef = B52A9B5C1DDB1B7D00313FC3 /* RxSwift.framework */; };
		B538EF151E1D63EA0031077C /* RxTest.framework in Frameworks */ = {isa = PBXBuildFile; fileRef = B538EF141E1D63EA0031077C /* RxTest.framework */; };
		B538EF181E1D6AEF0031077C /* Network.swift in Sources */ = {isa = PBXBuildFile; fileRef = B538EF171E1D6AEF0031077C /* Network.swift */; };
		B538EF1A1E1D761E0031077C /* Course.swift in Sources */ = {isa = PBXBuildFile; fileRef = B538EF191E1D761E0031077C /* Course.swift */; };
		B538EF1C1E1D762E0031077C /* Grade.swift in Sources */ = {isa = PBXBuildFile; fileRef = B538EF1B1E1D762E0031077C /* Grade.swift */; };
		B538EF1E1E1D9E6D0031077C /* Date.swift in Sources */ = {isa = PBXBuildFile; fileRef = B538EF1D1E1D9E6D0031077C /* Date.swift */; };
		B55507101E601AE300C16F5F /* Lecture.swift in Sources */ = {isa = PBXBuildFile; fileRef = B555070F1E601AE300C16F5F /* Lecture.swift */; };
		B55507121E601FB400C16F5F /* DateComponents.swift in Sources */ = {isa = PBXBuildFile; fileRef = B55507111E601FB400C16F5F /* DateComponents.swift */; };
		B55507141E60246E00C16F5F /* TimetableCollectionViewLayout.swift in Sources */ = {isa = PBXBuildFile; fileRef = B55507131E60246E00C16F5F /* TimetableCollectionViewLayout.swift */; };
		B59FA98B1DD09C8400259D7F /* AppDelegate.swift in Sources */ = {isa = PBXBuildFile; fileRef = B59FA98A1DD09C8400259D7F /* AppDelegate.swift */; };
		B59FA9921DD09C8400259D7F /* Assets.xcassets in Resources */ = {isa = PBXBuildFile; fileRef = B59FA9911DD09C8400259D7F /* Assets.xcassets */; };
		B59FA9951DD09C8400259D7F /* LaunchScreen.storyboard in Resources */ = {isa = PBXBuildFile; fileRef = B59FA9931DD09C8400259D7F /* LaunchScreen.storyboard */; };
		B5CD5C711E5F37700083D75E /* ScheduleMainVC.swift in Sources */ = {isa = PBXBuildFile; fileRef = B5CD5C701E5F37700083D75E /* ScheduleMainVC.swift */; };
		B5CD5C731E5F37970083D75E /* CollectionViewController.swift in Sources */ = {isa = PBXBuildFile; fileRef = B5CD5C721E5F37970083D75E /* CollectionViewController.swift */; };
		B5F58E461E1EA7C8006D99AE /* Dictionary.swift in Sources */ = {isa = PBXBuildFile; fileRef = B5F58E451E1EA7C8006D99AE /* Dictionary.swift */; };
		B5F58E481E1EAB62006D99AE /* RxOptional.framework in Frameworks */ = {isa = PBXBuildFile; fileRef = B5F58E471E1EAB62006D99AE /* RxOptional.framework */; };
		B5F58E491E1EAC29006D99AE /* RxOptional.framework in Frameworks */ = {isa = PBXBuildFile; fileRef = B5F58E471E1EAB62006D99AE /* RxOptional.framework */; };
		B5F58E4B1E1EAC9A006D99AE /* Grade_Tests.swift in Sources */ = {isa = PBXBuildFile; fileRef = B5F58E4A1E1EAC9A006D99AE /* Grade_Tests.swift */; };
		B5F58E4D1E1EB15A006D99AE /* Semester.swift in Sources */ = {isa = PBXBuildFile; fileRef = B5F58E4C1E1EB15A006D99AE /* Semester.swift */; };
		B5F58E4F1E1EB172006D99AE /* Semester_Tests.swift in Sources */ = {isa = PBXBuildFile; fileRef = B5F58E4E1E1EB172006D99AE /* Semester_Tests.swift */; };
/* End PBXBuildFile section */

/* Begin PBXContainerItemProxy section */
		B59FA99C1DD09C8400259D7F /* PBXContainerItemProxy */ = {
			isa = PBXContainerItemProxy;
			containerPortal = B59FA97F1DD09C8300259D7F /* Project object */;
			proxyType = 1;
			remoteGlobalIDString = B59FA9861DD09C8300259D7F;
			remoteInfo = HTWDD;
		};
/* End PBXContainerItemProxy section */

/* Begin PBXFileReference section */
		B52133B81DEF0DB100955D29 /* GradeMainVC.swift */ = {isa = PBXFileReference; fileEncoding = 4; lastKnownFileType = sourcecode.swift; path = GradeMainVC.swift; sourceTree = "<group>"; };
		B52133BA1DEF0E2200955D29 /* NavigationViewController.swift */ = {isa = PBXFileReference; fileEncoding = 4; lastKnownFileType = sourcecode.swift; path = NavigationViewController.swift; sourceTree = "<group>"; usesTabs = 0; };
		B52A9B581DDB173600313FC3 /* ViewController.swift */ = {isa = PBXFileReference; fileEncoding = 4; lastKnownFileType = sourcecode.swift; path = ViewController.swift; sourceTree = "<group>"; };
		B52A9B5B1DDB1B7D00313FC3 /* RxCocoa.framework */ = {isa = PBXFileReference; lastKnownFileType = wrapper.framework; name = RxCocoa.framework; path = Carthage/Build/iOS/RxCocoa.framework; sourceTree = "<group>"; };
		B52A9B5C1DDB1B7D00313FC3 /* RxSwift.framework */ = {isa = PBXFileReference; lastKnownFileType = wrapper.framework; name = RxSwift.framework; path = Carthage/Build/iOS/RxSwift.framework; sourceTree = "<group>"; };
		B52A9B6B1DDBA35F00313FC3 /* HTWDDTest.swift */ = {isa = PBXFileReference; fileEncoding = 4; lastKnownFileType = sourcecode.swift; path = HTWDDTest.swift; sourceTree = "<group>"; };
		B538EF041E1D56D70031077C /* SettingsManager.swift */ = {isa = PBXFileReference; fileEncoding = 4; lastKnownFileType = sourcecode.swift; path = SettingsManager.swift; sourceTree = "<group>"; };
		B538EF061E1D58690031077C /* NSObject+Rx.swift */ = {isa = PBXFileReference; fileEncoding = 4; lastKnownFileType = sourcecode.swift; path = "NSObject+Rx.swift"; sourceTree = "<group>"; };
		B538EF091E1D5BD10031077C /* Log.swift */ = {isa = PBXFileReference; fileEncoding = 4; lastKnownFileType = sourcecode.swift; path = Log.swift; sourceTree = "<group>"; };
		B538EF0B1E1D603D0031077C /* GradeModel.swift */ = {isa = PBXFileReference; fileEncoding = 4; lastKnownFileType = sourcecode.swift; path = GradeModel.swift; sourceTree = "<group>"; };
		B538EF0D1E1D61F80031077C /* SettingsManager_Tests.swift */ = {isa = PBXFileReference; fileEncoding = 4; lastKnownFileType = sourcecode.swift; path = SettingsManager_Tests.swift; sourceTree = "<group>"; };
		B538EF0F1E1D62040031077C /* UserDefaults.swift */ = {isa = PBXFileReference; fileEncoding = 4; lastKnownFileType = sourcecode.swift; path = UserDefaults.swift; sourceTree = "<group>"; };
		B538EF141E1D63EA0031077C /* RxTest.framework */ = {isa = PBXFileReference; lastKnownFileType = wrapper.framework; name = RxTest.framework; path = Carthage/Build/iOS/RxTest.framework; sourceTree = "<group>"; };
		B538EF171E1D6AEF0031077C /* Network.swift */ = {isa = PBXFileReference; fileEncoding = 4; lastKnownFileType = sourcecode.swift; path = Network.swift; sourceTree = "<group>"; };
		B538EF191E1D761E0031077C /* Course.swift */ = {isa = PBXFileReference; fileEncoding = 4; lastKnownFileType = sourcecode.swift; path = Course.swift; sourceTree = "<group>"; };
		B538EF1B1E1D762E0031077C /* Grade.swift */ = {isa = PBXFileReference; fileEncoding = 4; lastKnownFileType = sourcecode.swift; path = Grade.swift; sourceTree = "<group>"; };
		B538EF1D1E1D9E6D0031077C /* Date.swift */ = {isa = PBXFileReference; fileEncoding = 4; lastKnownFileType = sourcecode.swift; path = Date.swift; sourceTree = "<group>"; };
		B555070F1E601AE300C16F5F /* Lecture.swift */ = {isa = PBXFileReference; fileEncoding = 4; lastKnownFileType = sourcecode.swift; name = Lecture.swift; path = Lecture.swift; sourceTree = "<group>"; };
		B55507111E601FB400C16F5F /* DateComponents.swift */ = {isa = PBXFileReference; fileEncoding = 4; lastKnownFileType = sourcecode.swift; path = DateComponents.swift; sourceTree = "<group>"; };
		B55507131E60246E00C16F5F /* TimetableCollectionViewLayout.swift */ = {isa = PBXFileReference; fileEncoding = 4; lastKnownFileType = sourcecode.swift; name = TimetableCollectionViewLayout.swift; path = TimetableCollectionViewLayout.swift; sourceTree = "<group>"; };
		B59FA9871DD09C8400259D7F /* HTWDD.app */ = {isa = PBXFileReference; explicitFileType = wrapper.application; includeInIndex = 0; path = HTWDD.app; sourceTree = BUILT_PRODUCTS_DIR; };
		B59FA98A1DD09C8400259D7F /* AppDelegate.swift */ = {isa = PBXFileReference; lastKnownFileType = sourcecode.swift; path = AppDelegate.swift; sourceTree = "<group>"; };
		B59FA9911DD09C8400259D7F /* Assets.xcassets */ = {isa = PBXFileReference; lastKnownFileType = folder.assetcatalog; path = Assets.xcassets; sourceTree = "<group>"; };
		B59FA9941DD09C8400259D7F /* Base */ = {isa = PBXFileReference; lastKnownFileType = file.storyboard; name = Base; path = Base.lproj/LaunchScreen.storyboard; sourceTree = "<group>"; };
		B59FA9961DD09C8400259D7F /* Info.plist */ = {isa = PBXFileReference; lastKnownFileType = text.plist.xml; path = Info.plist; sourceTree = "<group>"; };
		B59FA99B1DD09C8400259D7F /* HTWDDTests.xctest */ = {isa = PBXFileReference; explicitFileType = wrapper.cfbundle; includeInIndex = 0; path = HTWDDTests.xctest; sourceTree = BUILT_PRODUCTS_DIR; };
		B59FA9A11DD09C8400259D7F /* Info.plist */ = {isa = PBXFileReference; lastKnownFileType = text.plist.xml; path = Info.plist; sourceTree = "<group>"; };
		B5CD5C701E5F37700083D75E /* ScheduleMainVC.swift */ = {isa = PBXFileReference; fileEncoding = 4; lastKnownFileType = sourcecode.swift; path = ScheduleMainVC.swift; sourceTree = "<group>"; };
		B5CD5C721E5F37970083D75E /* CollectionViewController.swift */ = {isa = PBXFileReference; fileEncoding = 4; lastKnownFileType = sourcecode.swift; path = CollectionViewController.swift; sourceTree = "<group>"; };
		B5F58E451E1EA7C8006D99AE /* Dictionary.swift */ = {isa = PBXFileReference; fileEncoding = 4; lastKnownFileType = sourcecode.swift; path = Dictionary.swift; sourceTree = "<group>"; };
		B5F58E471E1EAB62006D99AE /* RxOptional.framework */ = {isa = PBXFileReference; lastKnownFileType = wrapper.framework; name = RxOptional.framework; path = Carthage/Build/iOS/RxOptional.framework; sourceTree = "<group>"; };
		B5F58E4A1E1EAC9A006D99AE /* Grade_Tests.swift */ = {isa = PBXFileReference; fileEncoding = 4; lastKnownFileType = sourcecode.swift; path = Grade_Tests.swift; sourceTree = "<group>"; };
		B5F58E4C1E1EB15A006D99AE /* Semester.swift */ = {isa = PBXFileReference; fileEncoding = 4; lastKnownFileType = sourcecode.swift; path = Semester.swift; sourceTree = "<group>"; };
		B5F58E4E1E1EB172006D99AE /* Semester_Tests.swift */ = {isa = PBXFileReference; fileEncoding = 4; lastKnownFileType = sourcecode.swift; path = Semester_Tests.swift; sourceTree = "<group>"; };
/* End PBXFileReference section */

/* Begin PBXFrameworksBuildPhase section */
		B59FA9841DD09C8300259D7F /* Frameworks */ = {
			isa = PBXFrameworksBuildPhase;
			buildActionMask = 2147483647;
			files = (
				B5F58E491E1EAC29006D99AE /* RxOptional.framework in Frameworks */,
				B52A9B5D1DDB1B7D00313FC3 /* RxCocoa.framework in Frameworks */,
				B52A9B5E1DDB1B7D00313FC3 /* RxSwift.framework in Frameworks */,
			);
			runOnlyForDeploymentPostprocessing = 0;
		};
		B59FA9981DD09C8400259D7F /* Frameworks */ = {
			isa = PBXFrameworksBuildPhase;
			buildActionMask = 2147483647;
			files = (
				B5F58E481E1EAB62006D99AE /* RxOptional.framework in Frameworks */,
				B538EF151E1D63EA0031077C /* RxTest.framework in Frameworks */,
				B538EF121E1D63EA0031077C /* RxCocoa.framework in Frameworks */,
				B538EF131E1D63EA0031077C /* RxSwift.framework in Frameworks */,
			);
			runOnlyForDeploymentPostprocessing = 0;
		};
/* End PBXFrameworksBuildPhase section */

/* Begin PBXGroup section */
		B52A9B4C1DDB15FE00313FC3 /* Supporting Files */ = {
			isa = PBXGroup;
			children = (
				B59FA98A1DD09C8400259D7F /* AppDelegate.swift */,
				B59FA9911DD09C8400259D7F /* Assets.xcassets */,
				B59FA9961DD09C8400259D7F /* Info.plist */,
				B59FA9931DD09C8400259D7F /* LaunchScreen.storyboard */,
			);
			path = "Supporting Files";
			sourceTree = "<group>";
		};
		B52A9B4D1DDB160700313FC3 /* Schedule */ = {
			isa = PBXGroup;
			children = (
				B555070F1E601AE300C16F5F /* Lecture.swift */,
				B5CD5C701E5F37700083D75E /* ScheduleMainVC.swift */,
				B55507131E60246E00C16F5F /* TimetableCollectionViewLayout.swift */,
			);
			path = Schedule;
			sourceTree = "<group>";
		};
		B52A9B4E1DDB165B00313FC3 /* Grades */ = {
			isa = PBXGroup;
			children = (
				B538EF191E1D761E0031077C /* Course.swift */,
				B538EF1B1E1D762E0031077C /* Grade.swift */,
				B52133B81DEF0DB100955D29 /* GradeMainVC.swift */,
				B538EF0B1E1D603D0031077C /* GradeModel.swift */,
				B5F58E4A1E1EAC9A006D99AE /* Grade_Tests.swift */,
				B5F58E4C1E1EB15A006D99AE /* Semester.swift */,
				B5F58E4E1E1EB172006D99AE /* Semester_Tests.swift */,
			);
			path = Grades;
			sourceTree = "<group>";
		};
		B52A9B501DDB169100313FC3 /* Exams */ = {
			isa = PBXGroup;
			children = (
			);
			path = Exams;
			sourceTree = "<group>";
		};
		B52A9B511DDB16B800313FC3 /* Canteen */ = {
			isa = PBXGroup;
			children = (
			);
			path = Canteen;
			sourceTree = "<group>";
		};
		B52A9B521DDB16D400313FC3 /* Core */ = {
			isa = PBXGroup;
			children = (
				B52A9B561DDB170700313FC3 /* Base Classes */,
				B52A9B551DDB170000313FC3 /* Extensions */,
				B538EF081E1D5BC60031077C /* Logging */,
				B538EF161E1D6ACD0031077C /* Network */,
				B52A9B601DDB1D3600313FC3 /* Routing */,
				B52A9B571DDB172300313FC3 /* Settings */,
			);
			path = Core;
			sourceTree = "<group>";
		};
		B52A9B531DDB16D900313FC3 /* Settings UI */ = {
			isa = PBXGroup;
			children = (
			);
			path = "Settings UI";
			sourceTree = "<group>";
		};
		B52A9B541DDB16ED00313FC3 /* Main Categories */ = {
			isa = PBXGroup;
			children = (
				B52A9B511DDB16B800313FC3 /* Canteen */,
				B52A9B501DDB169100313FC3 /* Exams */,
				B52A9B4E1DDB165B00313FC3 /* Grades */,
				B52A9B4D1DDB160700313FC3 /* Schedule */,
				B52A9B531DDB16D900313FC3 /* Settings UI */,
			);
			path = "Main Categories";
			sourceTree = "<group>";
		};
		B52A9B551DDB170000313FC3 /* Extensions */ = {
			isa = PBXGroup;
			children = (
				B538EF1D1E1D9E6D0031077C /* Date.swift */,
				B55507111E601FB400C16F5F /* DateComponents.swift */,
				B5F58E451E1EA7C8006D99AE /* Dictionary.swift */,
				B538EF061E1D58690031077C /* NSObject+Rx.swift */,
				B538EF0F1E1D62040031077C /* UserDefaults.swift */,
			);
			path = Extensions;
			sourceTree = "<group>";
		};
		B52A9B561DDB170700313FC3 /* Base Classes */ = {
			isa = PBXGroup;
			children = (
				B5CD5C721E5F37970083D75E /* CollectionViewController.swift */,
				B52133BA1DEF0E2200955D29 /* NavigationViewController.swift */,
				B52A9B581DDB173600313FC3 /* ViewController.swift */,
			);
			path = "Base Classes";
			sourceTree = "<group>";
		};
		B52A9B571DDB172300313FC3 /* Settings */ = {
			isa = PBXGroup;
			children = (
				B538EF041E1D56D70031077C /* SettingsManager.swift */,
				B538EF0D1E1D61F80031077C /* SettingsManager_Tests.swift */,
			);
			path = Settings;
			sourceTree = "<group>";
		};
		B52A9B5A1DDB1B7C00313FC3 /* Frameworks */ = {
			isa = PBXGroup;
			children = (
				B5F58E471E1EAB62006D99AE /* RxOptional.framework */,
				B538EF141E1D63EA0031077C /* RxTest.framework */,
				B52A9B5B1DDB1B7D00313FC3 /* RxCocoa.framework */,
				B52A9B5C1DDB1B7D00313FC3 /* RxSwift.framework */,
			);
			name = Frameworks;
			sourceTree = "<group>";
		};
		B52A9B601DDB1D3600313FC3 /* Routing */ = {
			isa = PBXGroup;
			children = (
			);
			path = Routing;
			sourceTree = "<group>";
		};
		B538EF081E1D5BC60031077C /* Logging */ = {
			isa = PBXGroup;
			children = (
				B538EF091E1D5BD10031077C /* Log.swift */,
			);
			path = Logging;
			sourceTree = "<group>";
		};
		B538EF161E1D6ACD0031077C /* Network */ = {
			isa = PBXGroup;
			children = (
				B538EF171E1D6AEF0031077C /* Network.swift */,
			);
			path = Network;
			sourceTree = "<group>";
		};
		B59FA97E1DD09C8300259D7F = {
			isa = PBXGroup;
			children = (
				B52A9B5A1DDB1B7C00313FC3 /* Frameworks */,
				B59FA9891DD09C8400259D7F /* HTWDD */,
				B59FA99E1DD09C8400259D7F /* HTWDDTests */,
				B59FA9881DD09C8400259D7F /* Products */,
			);
			sourceTree = "<group>";
		};
		B59FA9881DD09C8400259D7F /* Products */ = {
			isa = PBXGroup;
			children = (
				B59FA9871DD09C8400259D7F /* HTWDD.app */,
				B59FA99B1DD09C8400259D7F /* HTWDDTests.xctest */,
			);
			name = Products;
			sourceTree = "<group>";
		};
		B59FA9891DD09C8400259D7F /* HTWDD */ = {
			isa = PBXGroup;
			children = (
				B52A9B521DDB16D400313FC3 /* Core */,
				B52A9B541DDB16ED00313FC3 /* Main Categories */,
				B52A9B4C1DDB15FE00313FC3 /* Supporting Files */,
			);
			path = HTWDD;
			sourceTree = "<group>";
		};
		B59FA99E1DD09C8400259D7F /* HTWDDTests */ = {
			isa = PBXGroup;
			children = (
				B52A9B6B1DDBA35F00313FC3 /* HTWDDTest.swift */,
				B59FA9A11DD09C8400259D7F /* Info.plist */,
			);
			path = HTWDDTests;
			sourceTree = "<group>";
		};
/* End PBXGroup section */

/* Begin PBXNativeTarget section */
		B59FA9861DD09C8300259D7F /* HTWDD */ = {
			isa = PBXNativeTarget;
			buildConfigurationList = B59FA9A41DD09C8400259D7F /* Build configuration list for PBXNativeTarget "HTWDD" */;
			buildPhases = (
				B52A9B6A1DDB203D00313FC3 /* SwiftLint */,
				B59FA9831DD09C8300259D7F /* Sources */,
				B59FA9841DD09C8300259D7F /* Frameworks */,
				B52A9B5F1DDB1B8000313FC3 /* Carthage */,
				B59FA9851DD09C8300259D7F /* Resources */,
			);
			buildRules = (
			);
			dependencies = (
			);
			name = HTWDD;
			productName = HTWDD;
			productReference = B59FA9871DD09C8400259D7F /* HTWDD.app */;
			productType = "com.apple.product-type.application";
		};
		B59FA99A1DD09C8400259D7F /* HTWDDTests */ = {
			isa = PBXNativeTarget;
			buildConfigurationList = B59FA9A71DD09C8400259D7F /* Build configuration list for PBXNativeTarget "HTWDDTests" */;
			buildPhases = (
				B59FA9971DD09C8400259D7F /* Sources */,
				B538EF111E1D63AA0031077C /* Carthage */,
				B59FA9981DD09C8400259D7F /* Frameworks */,
				B59FA9991DD09C8400259D7F /* Resources */,
			);
			buildRules = (
			);
			dependencies = (
				B59FA99D1DD09C8400259D7F /* PBXTargetDependency */,
			);
			name = HTWDDTests;
			productName = HTWDDTests;
			productReference = B59FA99B1DD09C8400259D7F /* HTWDDTests.xctest */;
			productType = "com.apple.product-type.bundle.unit-test";
		};
/* End PBXNativeTarget section */

/* Begin PBXProject section */
		B59FA97F1DD09C8300259D7F /* Project object */ = {
			isa = PBXProject;
			attributes = {
				LastSwiftUpdateCheck = 0810;
				LastUpgradeCheck = 0810;
				ORGANIZATIONNAME = "HTW Dresden";
				TargetAttributes = {
					B52A9B651DDB1E7C00313FC3 = {
						CreatedOnToolsVersion = 8.1;
						DevelopmentTeam = 2URYCAZR48;
						ProvisioningStyle = Automatic;
					};
					B59FA9861DD09C8300259D7F = {
						CreatedOnToolsVersion = 8.1;
						DevelopmentTeam = 2URYCAZR48;
						ProvisioningStyle = Automatic;
					};
					B59FA99A1DD09C8400259D7F = {
						CreatedOnToolsVersion = 8.1;
						DevelopmentTeam = 2URYCAZR48;
						LastSwiftMigration = 0810;
						ProvisioningStyle = Automatic;
						TestTargetID = B59FA9861DD09C8300259D7F;
					};
				};
			};
			buildConfigurationList = B59FA9821DD09C8300259D7F /* Build configuration list for PBXProject "HTWDD" */;
			compatibilityVersion = "Xcode 3.2";
			developmentRegion = English;
			hasScannedForEncodings = 0;
			knownRegions = (
				en,
				Base,
			);
			mainGroup = B59FA97E1DD09C8300259D7F;
			productRefGroup = B59FA9881DD09C8400259D7F /* Products */;
			projectDirPath = "";
			projectRoot = "";
			targets = (
				B59FA9861DD09C8300259D7F /* HTWDD */,
				B59FA99A1DD09C8400259D7F /* HTWDDTests */,
				B52A9B651DDB1E7C00313FC3 /* HTWDD Generate */,
			);
		};
/* End PBXProject section */

/* Begin PBXResourcesBuildPhase section */
		B59FA9851DD09C8300259D7F /* Resources */ = {
			isa = PBXResourcesBuildPhase;
			buildActionMask = 2147483647;
			files = (
				B59FA9951DD09C8400259D7F /* LaunchScreen.storyboard in Resources */,
				B59FA9921DD09C8400259D7F /* Assets.xcassets in Resources */,
			);
			runOnlyForDeploymentPostprocessing = 0;
		};
		B59FA9991DD09C8400259D7F /* Resources */ = {
			isa = PBXResourcesBuildPhase;
			buildActionMask = 2147483647;
			files = (
			);
			runOnlyForDeploymentPostprocessing = 0;
		};
/* End PBXResourcesBuildPhase section */

/* Begin PBXShellScriptBuildPhase section */
		B52A9B5F1DDB1B8000313FC3 /* Carthage */ = {
			isa = PBXShellScriptBuildPhase;
			buildActionMask = 2147483647;
			files = (
			);
			inputPaths = (
				"$(SRCROOT)/Carthage/Build/iOS/RxCocoa.framework",
				"$(SRCROOT)/Carthage/Build/iOS/RxSwift.framework",
				"$(SRCROOT)/Carthage/Build/iOS/RxOptional.framework",
			);
			name = Carthage;
			outputPaths = (
			);
			runOnlyForDeploymentPostprocessing = 0;
			shellPath = /bin/sh;
			shellScript = "/usr/local/bin/carthage copy-frameworks";
		};
		B52A9B691DDB1E8500313FC3 /* Run Carthage Bootstrap */ = {
			isa = PBXShellScriptBuildPhase;
			buildActionMask = 2147483647;
			files = (
			);
			inputPaths = (
			);
			name = "Run Carthage Bootstrap";
			outputPaths = (
			);
			runOnlyForDeploymentPostprocessing = 0;
			shellPath = /bin/sh;
			shellScript = "if which carthage >/dev/null; then\n    carthage build --platform iOS --verbose\nelse\n    echo \"error: Carthage is not installed. Aborting.\"\n    exit 1\nfi\n";
		};
		B52A9B6A1DDB203D00313FC3 /* SwiftLint */ = {
			isa = PBXShellScriptBuildPhase;
			buildActionMask = 2147483647;
			files = (
			);
			inputPaths = (
			);
			name = SwiftLint;
			outputPaths = (
			);
			runOnlyForDeploymentPostprocessing = 0;
			shellPath = /bin/sh;
			shellScript = "if which swiftlint >/dev/null; then\n    swiftlint autocorrect\nelse\n    echo \"error: SwiftLint not installed, download from https://github.com/realm/SwiftLint\"\nfi";
		};
		B538EF111E1D63AA0031077C /* Carthage */ = {
			isa = PBXShellScriptBuildPhase;
			buildActionMask = 2147483647;
			files = (
			);
			inputPaths = (
				"$(SRCROOT)/Carthage/Build/iOS/RxCocoa.framework",
				"$(SRCROOT)/Carthage/Build/iOS/RxSwift.framework",
				"$(SRCROOT)/Carthage/Build/iOS/RxTest.framework",
				"$(SRCROOT)/Carthage/Build/iOS/RxOptional.framework",
			);
			name = Carthage;
			outputPaths = (
			);
			runOnlyForDeploymentPostprocessing = 0;
			shellPath = /bin/sh;
			shellScript = "/usr/local/bin/carthage copy-frameworks";
		};
/* End PBXShellScriptBuildPhase section */

/* Begin PBXSourcesBuildPhase section */
		B59FA9831DD09C8300259D7F /* Sources */ = {
			isa = PBXSourcesBuildPhase;
			buildActionMask = 2147483647;
			files = (
				B538EF181E1D6AEF0031077C /* Network.swift in Sources */,
				B538EF1A1E1D761E0031077C /* Course.swift in Sources */,
				B55507141E60246E00C16F5F /* TimetableCollectionViewLayout.swift in Sources */,
				B52133BB1DEF0E2200955D29 /* NavigationViewController.swift in Sources */,
				B538EF0A1E1D5BD10031077C /* Log.swift in Sources */,
				B52133B91DEF0DB100955D29 /* GradeMainVC.swift in Sources */,
				B538EF1C1E1D762E0031077C /* Grade.swift in Sources */,
				B52A9B591DDB173600313FC3 /* ViewController.swift in Sources */,
				B59FA98B1DD09C8400259D7F /* AppDelegate.swift in Sources */,
				B538EF101E1D62040031077C /* UserDefaults.swift in Sources */,
				B5CD5C731E5F37970083D75E /* CollectionViewController.swift in Sources */,
				B538EF051E1D56D70031077C /* SettingsManager.swift in Sources */,
				B55507101E601AE300C16F5F /* Lecture.swift in Sources */,
				B5CD5C711E5F37700083D75E /* ScheduleMainVC.swift in Sources */,
				B538EF071E1D58690031077C /* NSObject+Rx.swift in Sources */,
				B5F58E461E1EA7C8006D99AE /* Dictionary.swift in Sources */,
				B538EF1E1E1D9E6D0031077C /* Date.swift in Sources */,
				B5F58E4D1E1EB15A006D99AE /* Semester.swift in Sources */,
				B538EF0C1E1D603D0031077C /* GradeModel.swift in Sources */,
				B55507121E601FB400C16F5F /* DateComponents.swift in Sources */,
			);
			runOnlyForDeploymentPostprocessing = 0;
		};
		B59FA9971DD09C8400259D7F /* Sources */ = {
			isa = PBXSourcesBuildPhase;
			buildActionMask = 2147483647;
			files = (
				B5F58E4B1E1EAC9A006D99AE /* Grade_Tests.swift in Sources */,
				B5F58E4F1E1EB172006D99AE /* Semester_Tests.swift in Sources */,
				B538EF0E1E1D61F80031077C /* SettingsManager_Tests.swift in Sources */,
				B52A9B6C1DDBA35F00313FC3 /* HTWDDTest.swift in Sources */,
			);
			runOnlyForDeploymentPostprocessing = 0;
		};
/* End PBXSourcesBuildPhase section */

/* Begin PBXTargetDependency section */
		B59FA99D1DD09C8400259D7F /* PBXTargetDependency */ = {
			isa = PBXTargetDependency;
			target = B59FA9861DD09C8300259D7F /* HTWDD */;
			targetProxy = B59FA99C1DD09C8400259D7F /* PBXContainerItemProxy */;
		};
/* End PBXTargetDependency section */

/* Begin PBXVariantGroup section */
		B59FA9931DD09C8400259D7F /* LaunchScreen.storyboard */ = {
			isa = PBXVariantGroup;
			children = (
				B59FA9941DD09C8400259D7F /* Base */,
			);
			name = LaunchScreen.storyboard;
			path = .;
			sourceTree = "<group>";
		};
/* End PBXVariantGroup section */

/* Begin XCBuildConfiguration section */
		B52A9B671DDB1E7C00313FC3 /* Debug */ = {
			isa = XCBuildConfiguration;
			buildSettings = {
				DEVELOPMENT_TEAM = 2URYCAZR48;
				PRODUCT_NAME = "$(TARGET_NAME)";
			};
			name = Debug;
		};
		B52A9B681DDB1E7C00313FC3 /* Release */ = {
			isa = XCBuildConfiguration;
			buildSettings = {
				DEVELOPMENT_TEAM = 2URYCAZR48;
				PRODUCT_NAME = "$(TARGET_NAME)";
			};
			name = Release;
		};
		B59FA9A21DD09C8400259D7F /* Debug */ = {
			isa = XCBuildConfiguration;
			buildSettings = {
				ALWAYS_SEARCH_USER_PATHS = NO;
				CLANG_ANALYZER_NONNULL = YES;
				CLANG_CXX_LANGUAGE_STANDARD = "gnu++0x";
				CLANG_CXX_LIBRARY = "libc++";
				CLANG_ENABLE_MODULES = YES;
				CLANG_ENABLE_OBJC_ARC = YES;
				CLANG_WARN_BOOL_CONVERSION = YES;
				CLANG_WARN_CONSTANT_CONVERSION = YES;
				CLANG_WARN_DIRECT_OBJC_ISA_USAGE = YES_ERROR;
				CLANG_WARN_DOCUMENTATION_COMMENTS = YES;
				CLANG_WARN_EMPTY_BODY = YES;
				CLANG_WARN_ENUM_CONVERSION = YES;
				CLANG_WARN_INFINITE_RECURSION = YES;
				CLANG_WARN_INT_CONVERSION = YES;
				CLANG_WARN_OBJC_ROOT_CLASS = YES_ERROR;
				CLANG_WARN_SUSPICIOUS_MOVES = YES;
				CLANG_WARN_UNREACHABLE_CODE = YES;
				CLANG_WARN__DUPLICATE_METHOD_MATCH = YES;
				"CODE_SIGN_IDENTITY[sdk=iphoneos*]" = "iPhone Developer";
				COPY_PHASE_STRIP = NO;
				DEBUG_INFORMATION_FORMAT = dwarf;
				ENABLE_STRICT_OBJC_MSGSEND = YES;
				ENABLE_TESTABILITY = YES;
				GCC_C_LANGUAGE_STANDARD = gnu99;
				GCC_DYNAMIC_NO_PIC = NO;
				GCC_NO_COMMON_BLOCKS = YES;
				GCC_OPTIMIZATION_LEVEL = 0;
				GCC_PREPROCESSOR_DEFINITIONS = (
					"DEBUG=1",
					"$(inherited)",
				);
				GCC_WARN_64_TO_32_BIT_CONVERSION = YES;
				GCC_WARN_ABOUT_RETURN_TYPE = YES_ERROR;
				GCC_WARN_UNDECLARED_SELECTOR = YES;
				GCC_WARN_UNINITIALIZED_AUTOS = YES_AGGRESSIVE;
				GCC_WARN_UNUSED_FUNCTION = YES;
				GCC_WARN_UNUSED_VARIABLE = YES;
				IPHONEOS_DEPLOYMENT_TARGET = 10.1;
				MTL_ENABLE_DEBUG_INFO = YES;
				ONLY_ACTIVE_ARCH = YES;
				SDKROOT = iphoneos;
				SWIFT_ACTIVE_COMPILATION_CONDITIONS = DEBUG;
				SWIFT_OPTIMIZATION_LEVEL = "-Onone";
				TARGETED_DEVICE_FAMILY = "1,2";
			};
			name = Debug;
		};
		B59FA9A31DD09C8400259D7F /* Release */ = {
			isa = XCBuildConfiguration;
			buildSettings = {
				ALWAYS_SEARCH_USER_PATHS = NO;
				CLANG_ANALYZER_NONNULL = YES;
				CLANG_CXX_LANGUAGE_STANDARD = "gnu++0x";
				CLANG_CXX_LIBRARY = "libc++";
				CLANG_ENABLE_MODULES = YES;
				CLANG_ENABLE_OBJC_ARC = YES;
				CLANG_WARN_BOOL_CONVERSION = YES;
				CLANG_WARN_CONSTANT_CONVERSION = YES;
				CLANG_WARN_DIRECT_OBJC_ISA_USAGE = YES_ERROR;
				CLANG_WARN_DOCUMENTATION_COMMENTS = YES;
				CLANG_WARN_EMPTY_BODY = YES;
				CLANG_WARN_ENUM_CONVERSION = YES;
				CLANG_WARN_INFINITE_RECURSION = YES;
				CLANG_WARN_INT_CONVERSION = YES;
				CLANG_WARN_OBJC_ROOT_CLASS = YES_ERROR;
				CLANG_WARN_SUSPICIOUS_MOVES = YES;
				CLANG_WARN_UNREACHABLE_CODE = YES;
				CLANG_WARN__DUPLICATE_METHOD_MATCH = YES;
				"CODE_SIGN_IDENTITY[sdk=iphoneos*]" = "iPhone Developer";
				COPY_PHASE_STRIP = NO;
				DEBUG_INFORMATION_FORMAT = "dwarf-with-dsym";
				ENABLE_NS_ASSERTIONS = NO;
				ENABLE_STRICT_OBJC_MSGSEND = YES;
				GCC_C_LANGUAGE_STANDARD = gnu99;
				GCC_NO_COMMON_BLOCKS = YES;
				GCC_WARN_64_TO_32_BIT_CONVERSION = YES;
				GCC_WARN_ABOUT_RETURN_TYPE = YES_ERROR;
				GCC_WARN_UNDECLARED_SELECTOR = YES;
				GCC_WARN_UNINITIALIZED_AUTOS = YES_AGGRESSIVE;
				GCC_WARN_UNUSED_FUNCTION = YES;
				GCC_WARN_UNUSED_VARIABLE = YES;
				IPHONEOS_DEPLOYMENT_TARGET = 10.1;
				MTL_ENABLE_DEBUG_INFO = NO;
				SDKROOT = iphoneos;
				SWIFT_OPTIMIZATION_LEVEL = "-Owholemodule";
				TARGETED_DEVICE_FAMILY = "1,2";
				VALIDATE_PRODUCT = YES;
			};
			name = Release;
		};
		B59FA9A51DD09C8400259D7F /* Debug */ = {
			isa = XCBuildConfiguration;
			buildSettings = {
				ASSETCATALOG_COMPILER_APPICON_NAME = AppIcon;
				DEVELOPMENT_TEAM = 2URYCAZR48;
				FRAMEWORK_SEARCH_PATHS = (
					"$(inherited)",
					"$(PROJECT_DIR)/Carthage/Build/iOS",
				);
				INFOPLIST_FILE = "HTWDD/Supporting Files/Info.plist";
				IPHONEOS_DEPLOYMENT_TARGET = 8.0;
				LD_RUNPATH_SEARCH_PATHS = "$(inherited) @executable_path/Frameworks";
				PRODUCT_BUNDLE_IDENTIFIER = "de.htw-dresden.HTWDD";
				PRODUCT_NAME = "$(TARGET_NAME)";
				SWIFT_VERSION = 3.0;
			};
			name = Debug;
		};
		B59FA9A61DD09C8400259D7F /* Release */ = {
			isa = XCBuildConfiguration;
			buildSettings = {
				ASSETCATALOG_COMPILER_APPICON_NAME = AppIcon;
				DEVELOPMENT_TEAM = 2URYCAZR48;
				FRAMEWORK_SEARCH_PATHS = (
					"$(inherited)",
					"$(PROJECT_DIR)/Carthage/Build/iOS",
				);
				INFOPLIST_FILE = "HTWDD/Supporting Files/Info.plist";
				IPHONEOS_DEPLOYMENT_TARGET = 8.0;
				LD_RUNPATH_SEARCH_PATHS = "$(inherited) @executable_path/Frameworks";
				PRODUCT_BUNDLE_IDENTIFIER = "de.htw-dresden.HTWDD";
				PRODUCT_NAME = "$(TARGET_NAME)";
				SWIFT_VERSION = 3.0;
			};
			name = Release;
		};
		B59FA9A81DD09C8400259D7F /* Debug */ = {
			isa = XCBuildConfiguration;
			buildSettings = {
				ALWAYS_EMBED_SWIFT_STANDARD_LIBRARIES = YES;
				BUNDLE_LOADER = "$(TEST_HOST)";
				CLANG_ENABLE_MODULES = YES;
				DEVELOPMENT_TEAM = 2URYCAZR48;
				FRAMEWORK_SEARCH_PATHS = (
					"$(inherited)",
					"$(PROJECT_DIR)/Carthage/Build/iOS",
				);
				INFOPLIST_FILE = HTWDDTests/Info.plist;
				LD_RUNPATH_SEARCH_PATHS = "$(inherited) @executable_path/Frameworks @loader_path/Frameworks";
				PRODUCT_BUNDLE_IDENTIFIER = "de.htw-dresden.HTWDDTests";
				PRODUCT_NAME = "$(TARGET_NAME)";
				SWIFT_OPTIMIZATION_LEVEL = "-Onone";
				SWIFT_VERSION = 3.0;
				TEST_HOST = "$(BUILT_PRODUCTS_DIR)/HTWDD.app/HTWDD";
			};
			name = Debug;
		};
		B59FA9A91DD09C8400259D7F /* Release */ = {
			isa = XCBuildConfiguration;
			buildSettings = {
				ALWAYS_EMBED_SWIFT_STANDARD_LIBRARIES = YES;
				BUNDLE_LOADER = "$(TEST_HOST)";
				CLANG_ENABLE_MODULES = YES;
				DEVELOPMENT_TEAM = 2URYCAZR48;
				FRAMEWORK_SEARCH_PATHS = (
					"$(inherited)",
					"$(PROJECT_DIR)/Carthage/Build/iOS",
				);
				INFOPLIST_FILE = HTWDDTests/Info.plist;
				LD_RUNPATH_SEARCH_PATHS = "$(inherited) @executable_path/Frameworks @loader_path/Frameworks";
				PRODUCT_BUNDLE_IDENTIFIER = "de.htw-dresden.HTWDDTests";
				PRODUCT_NAME = "$(TARGET_NAME)";
				SWIFT_VERSION = 3.0;
				TEST_HOST = "$(BUILT_PRODUCTS_DIR)/HTWDD.app/HTWDD";
			};
			name = Release;
		};
/* End XCBuildConfiguration section */

/* Begin XCConfigurationList section */
		B52A9B661DDB1E7C00313FC3 /* Build configuration list for PBXAggregateTarget "HTWDD Generate" */ = {
			isa = XCConfigurationList;
			buildConfigurations = (
				B52A9B671DDB1E7C00313FC3 /* Debug */,
				B52A9B681DDB1E7C00313FC3 /* Release */,
			);
			defaultConfigurationIsVisible = 0;
			defaultConfigurationName = Release;
		};
		B59FA9821DD09C8300259D7F /* Build configuration list for PBXProject "HTWDD" */ = {
			isa = XCConfigurationList;
			buildConfigurations = (
				B59FA9A21DD09C8400259D7F /* Debug */,
				B59FA9A31DD09C8400259D7F /* Release */,
			);
			defaultConfigurationIsVisible = 0;
			defaultConfigurationName = Release;
		};
		B59FA9A41DD09C8400259D7F /* Build configuration list for PBXNativeTarget "HTWDD" */ = {
			isa = XCConfigurationList;
			buildConfigurations = (
				B59FA9A51DD09C8400259D7F /* Debug */,
				B59FA9A61DD09C8400259D7F /* Release */,
			);
			defaultConfigurationIsVisible = 0;
			defaultConfigurationName = Release;
		};
		B59FA9A71DD09C8400259D7F /* Build configuration list for PBXNativeTarget "HTWDDTests" */ = {
			isa = XCConfigurationList;
			buildConfigurations = (
				B59FA9A81DD09C8400259D7F /* Debug */,
				B59FA9A91DD09C8400259D7F /* Release */,
			);
			defaultConfigurationIsVisible = 0;
			defaultConfigurationName = Release;
		};
/* End XCConfigurationList section */
	};
	rootObject = B59FA97F1DD09C8300259D7F /* Project object */;
}
